// !$*UTF8*$!
{
	archiveVersion = 1;
	classes = {
	};
	objectVersion = 46;
	objects = {

/* Begin PBXAggregateTarget section */
		8BCD176C8FFF461D905EA9CD /* RUN_TESTS */ = {
			isa = PBXAggregateTarget;
			buildConfigurationList = 22DA8131732343EA9FC73978 /* Build configuration list for PBXAggregateTarget "RUN_TESTS" */;
			buildPhases = (
				003C8D08B0008F35F218E126 /* CMake PostBuild Rules */,
			);
			dependencies = (
			);
			name = RUN_TESTS;
			productName = RUN_TESTS;
		};
		A3F400094DE749EEB922DD52 /* package */ = {
			isa = PBXAggregateTarget;
			buildConfigurationList = 69641F1D258342EABC7A52DE /* Build configuration list for PBXAggregateTarget "package" */;
			buildPhases = (
				571234464C2A5D0D43F1AB42 /* CMake PostBuild Rules */,
			);
			dependencies = (
				746D3A5F77374E599E5C2F41 /* PBXTargetDependency */,
			);
			name = package;
			productName = package;
		};
		DAB69F6DD3114DF6A6B504DB /* ZERO_CHECK */ = {
			isa = PBXAggregateTarget;
			buildConfigurationList = 9DC61721E93B409588D80803 /* Build configuration list for PBXAggregateTarget "ZERO_CHECK" */;
			buildPhases = (
				DBC248BCC139D52CF15215A4 /* Generate CMakeFiles/ZERO_CHECK */,
			);
			dependencies = (
			);
			name = ZERO_CHECK;
			productName = ZERO_CHECK;
		};
		F79EE59899544A67B12CB8F2 /* ALL_BUILD */ = {
			isa = PBXAggregateTarget;
			buildConfigurationList = E4C65464B3C44700A245588D /* Build configuration list for PBXAggregateTarget "ALL_BUILD" */;
			buildPhases = (
				5AA044C26E1AF633911A4B6F /* Generate CMakeFiles/ALL_BUILD */,
			);
			dependencies = (
				9B0692F08B994C928405E422 /* PBXTargetDependency */,
				A965377FBEE9444F96B0A9B6 /* PBXTargetDependency */,
			);
			name = ALL_BUILD;
			productName = ALL_BUILD;
		};
		FC9CD7A99A534051BEB8AC72 /* install */ = {
			isa = PBXAggregateTarget;
			buildConfigurationList = 509AAB9F40144B06A7786FA7 /* Build configuration list for PBXAggregateTarget "install" */;
			buildPhases = (
				93426DA6A4AC2C2AC9CE883C /* CMake PostBuild Rules */,
			);
			dependencies = (
				943646BC14E240BAA6E1DBC1 /* PBXTargetDependency */,
			);
			name = install;
			productName = install;
		};
/* End PBXAggregateTarget section */

/* Begin PBXBuildFile section */
		0092DC2F379349EBAED7C23F /* ../Play-/deps/Framework/src/vulkan/Image.cpp */ = {isa = PBXBuildFile; fileRef = BBA2A1BD34DC4A939034D0C4 /* ../Play-/deps/Framework/src/vulkan/Image.cpp */; };
		12E92FE6D044435B8524011B /* ../Play-/deps/Framework/include/vulkan/Instance.h */ = {isa = PBXBuildFile; fileRef = C92A7EB7F1E64CBA91361585 /* ../Play-/deps/Framework/include/vulkan/Instance.h */; };
		25F893058F144CB8A48AC74E /* ../Play-/deps/Framework/build_cmake/FrameworkVulkan/CMakeLists.txt */ = {isa = PBXBuildFile; fileRef = EBF91B7CB30F4EF3AF629DF3 /* ../Play-/deps/Framework/build_cmake/FrameworkVulkan/CMakeLists.txt */; };
		2F851F223D2E45B98F7E6D9F /* ../Play-/deps/Framework/include/vulkan/Loader.h */ = {isa = PBXBuildFile; fileRef = F28DE7B9A055441FA4FBAECC /* ../Play-/deps/Framework/include/vulkan/Loader.h */; };
		3794BB9210D04E69B9888632 /* ../Play-/deps/Framework/src/vulkan/ShaderModule.cpp */ = {isa = PBXBuildFile; fileRef = E6F8222B5DFC4E38AEA50C56 /* ../Play-/deps/Framework/src/vulkan/ShaderModule.cpp */; };
		385397B281DA4F91A98AB2D7 /* ../Play-/deps/Framework/include/vulkan/Image.h */ = {isa = PBXBuildFile; fileRef = 3CA3F272D0E142A2BD17B0EC /* ../Play-/deps/Framework/include/vulkan/Image.h */; };
		41CACCC66C414183AFAD0989 /* ../Play-/deps/Framework/include/vulkan/StructDefs.h */ = {isa = PBXBuildFile; fileRef = C244757FDB3C4718820AEB9C /* ../Play-/deps/Framework/include/vulkan/StructDefs.h */; };
		4F5E314748664746B157F6C8 /* ../Play-/deps/Framework/include/vulkan/Device.h */ = {isa = PBXBuildFile; fileRef = 9C28C5DD6E7C4D508DE59ADC /* ../Play-/deps/Framework/include/vulkan/Device.h */; };
		51E3A864870E45C381BB252D /* ../Play-/deps/Framework/src/vulkan/Buffer.cpp */ = {isa = PBXBuildFile; fileRef = 1413141BFFA14A3BAFEAE184 /* ../Play-/deps/Framework/src/vulkan/Buffer.cpp */; };
		53EBCCC297234F7D95DA5F5D /* ../Play-/deps/Framework/include/vulkan/CommandBufferPool.h */ = {isa = PBXBuildFile; fileRef = B777B372E5B74143BB2783B2 /* ../Play-/deps/Framework/include/vulkan/CommandBufferPool.h */; };
		554AD80B15A14C3B9607BDDA /* ../Play-/deps/Framework/include/vulkan/Utils.h */ = {isa = PBXBuildFile; fileRef = 027DF341217D4E1286E77881 /* ../Play-/deps/Framework/include/vulkan/Utils.h */; };
		7A8D43DE6B244E0EAFFE826E /* ../Play-/deps/Framework/src/vulkan/Loader.cpp */ = {isa = PBXBuildFile; fileRef = 0B8308F95E1549F3AF3C1EC4 /* ../Play-/deps/Framework/src/vulkan/Loader.cpp */; };
		7D46927E6EF645C39D3CBDE5 /* ../Play-/deps/Framework/include/vulkan/Buffer.h */ = {isa = PBXBuildFile; fileRef = C183410B38F749BD8531BC51 /* ../Play-/deps/Framework/include/vulkan/Buffer.h */; };
		89E14D1812B74E3298A50757 /* ../Play-/deps/Framework/src/vulkan/CommandBufferPool.cpp */ = {isa = PBXBuildFile; fileRef = 41D316AAA1ED4AC489AB70F3 /* ../Play-/deps/Framework/src/vulkan/CommandBufferPool.cpp */; };
		929B352185134A98B5C12CD6 /* ../Play-/deps/Framework/include/vulkan/ShaderModule.h */ = {isa = PBXBuildFile; fileRef = FCB3BC703ED445A6A8D7206B /* ../Play-/deps/Framework/include/vulkan/ShaderModule.h */; };
		93F620399B3C4A8B9E89F955 /* ../Play-/deps/Framework/src/vulkan/Device.cpp */ = {isa = PBXBuildFile; fileRef = 538F0950BC5644BB88B05988 /* ../Play-/deps/Framework/src/vulkan/Device.cpp */; };
		A76571F93E4C4B4C8ACB9C0B /* ../cmake/Source/ui_ios/gs/GSH_Vulkan/FrameworkVulkan/CMakeFiles/Framework_Vulkan.dir/Info.plist */ = {isa = PBXBuildFile; fileRef = 9111B5A3CF92404687B775F0 /* ../cmake/Source/ui_ios/gs/GSH_Vulkan/FrameworkVulkan/CMakeFiles/Framework_Vulkan.dir/Info.plist */; };
		AF4B476B349B4F158B0B00F2 /* ../Play-/deps/Framework/include/vulkan/VulkanDef.h */ = {isa = PBXBuildFile; fileRef = BC2E72E5B4A343978447F19C /* ../Play-/deps/Framework/include/vulkan/VulkanDef.h */; };
		EAC2E5C5C24F4A01A2A4B089 /* ../Play-/deps/Framework/include/vulkan/StructChain.h */ = {isa = PBXBuildFile; fileRef = 5A6CA0D3A4CD4AAEB6A97609 /* ../Play-/deps/Framework/include/vulkan/StructChain.h */; };
		ED593665BF554283BFE461AC /* ../Play-/deps/Framework/src/vulkan/Utils.cpp */ = {isa = PBXBuildFile; fileRef = EDA767FE26F3442E95579CD1 /* ../Play-/deps/Framework/src/vulkan/Utils.cpp */; };
		FE44757A08A0478E81AE35C1 /* ../Play-/deps/Framework/src/vulkan/Instance.cpp */ = {isa = PBXBuildFile; fileRef = BCC96D9107D3462DB67D9511 /* ../Play-/deps/Framework/src/vulkan/Instance.cpp */; };
/* End PBXBuildFile section */

/* Begin PBXBuildStyle section */
		54AF8122A55A4EB69DAAF3CA /* Release */ = {
			isa = PBXBuildStyle;
			buildSettings = {
				COPY_PHASE_STRIP = NO;
			};
			name = Release;
		};
		92DEDF5E63C849B1ACAEAFCB /* MinSizeRel */ = {
			isa = PBXBuildStyle;
			buildSettings = {
				COPY_PHASE_STRIP = NO;
			};
			name = MinSizeRel;
		};
		A87EFB42EFE64EE0AE417C41 /* Debug */ = {
			isa = PBXBuildStyle;
			buildSettings = {
				COPY_PHASE_STRIP = NO;
			};
			name = Debug;
		};
		CB8FDBA60A914BC895D833E2 /* RelWithDebInfo */ = {
			isa = PBXBuildStyle;
			buildSettings = {
				COPY_PHASE_STRIP = NO;
			};
			name = RelWithDebInfo;
		};
/* End PBXBuildStyle section */

/* Begin PBXContainerItemProxy section */
		2855D41D71FD415890323D54 /* PBXContainerItemProxy */ = {
			isa = PBXContainerItemProxy;
			containerPortal = EF009B7941174FE5A011B8B8 /* Project object */;
			proxyType = 1;
			remoteGlobalIDString = F79EE59899544A67B12CB8F2;
			remoteInfo = ALL_BUILD;
		};
		7744641470EC458AAC7415FF /* PBXContainerItemProxy */ = {
			isa = PBXContainerItemProxy;
			containerPortal = EF009B7941174FE5A011B8B8 /* Project object */;
			proxyType = 1;
			remoteGlobalIDString = F79EE59899544A67B12CB8F2;
			remoteInfo = ALL_BUILD;
		};
		B23AFC2ADC72408D866DE7B2 /* PBXContainerItemProxy */ = {
			isa = PBXContainerItemProxy;
			containerPortal = EF009B7941174FE5A011B8B8 /* Project object */;
			proxyType = 1;
			remoteGlobalIDString = DAB69F6DD3114DF6A6B504DB;
			remoteInfo = ZERO_CHECK;
		};
		E105F59FF0E64197BAAC4A11 /* PBXContainerItemProxy */ = {
			isa = PBXContainerItemProxy;
			containerPortal = EF009B7941174FE5A011B8B8 /* Project object */;
			proxyType = 1;
			remoteGlobalIDString = EBDF8B38FCFC408DAFF76235;
			remoteInfo = Framework_Vulkan;
		};
		F366295738864CEDAA7404AD /* PBXContainerItemProxy */ = {
			isa = PBXContainerItemProxy;
			containerPortal = EF009B7941174FE5A011B8B8 /* Project object */;
			proxyType = 1;
			remoteGlobalIDString = DAB69F6DD3114DF6A6B504DB;
			remoteInfo = ZERO_CHECK;
		};
/* End PBXContainerItemProxy section */

/* Begin PBXFileReference section */
		027DF341217D4E1286E77881 /* ../Play-/deps/Framework/include/vulkan/Utils.h */ = {isa = PBXFileReference; explicitFileType = sourcecode.c.h; fileEncoding = 4; name = Utils.h; path = "../Play-/deps/Framework/include/vulkan/Utils.h"; sourceTree = "<absolute>"; };
		0B8308F95E1549F3AF3C1EC4 /* ../Play-/deps/Framework/src/vulkan/Loader.cpp */ = {isa = PBXFileReference; explicitFileType = sourcecode.cpp.cpp; fileEncoding = 4; name = Loader.cpp; path = "../Play-/deps/Framework/src/vulkan/Loader.cpp"; sourceTree = "<absolute>"; };
		1413141BFFA14A3BAFEAE184 /* ../Play-/deps/Framework/src/vulkan/Buffer.cpp */ = {isa = PBXFileReference; explicitFileType = sourcecode.cpp.cpp; fileEncoding = 4; name = Buffer.cpp; path = "../Play-/deps/Framework/src/vulkan/Buffer.cpp"; sourceTree = "<absolute>"; };
		3CA3F272D0E142A2BD17B0EC /* ../Play-/deps/Framework/include/vulkan/Image.h */ = {isa = PBXFileReference; explicitFileType = sourcecode.c.h; fileEncoding = 4; name = Image.h; path = "../Play-/deps/Framework/include/vulkan/Image.h"; sourceTree = "<absolute>"; };
		41D316AAA1ED4AC489AB70F3 /* ../Play-/deps/Framework/src/vulkan/CommandBufferPool.cpp */ = {isa = PBXFileReference; explicitFileType = sourcecode.cpp.cpp; fileEncoding = 4; name = CommandBufferPool.cpp; path = "../Play-/deps/Framework/src/vulkan/CommandBufferPool.cpp"; sourceTree = "<absolute>"; };
		538F0950BC5644BB88B05988 /* ../Play-/deps/Framework/src/vulkan/Device.cpp */ = {isa = PBXFileReference; explicitFileType = sourcecode.cpp.cpp; fileEncoding = 4; name = Device.cpp; path = "../Play-/deps/Framework/src/vulkan/Device.cpp"; sourceTree = "<absolute>"; };
		5A6CA0D3A4CD4AAEB6A97609 /* ../Play-/deps/Framework/include/vulkan/StructChain.h */ = {isa = PBXFileReference; explicitFileType = sourcecode.c.h; fileEncoding = 4; name = StructChain.h; path = "../Play-/deps/Framework/include/vulkan/StructChain.h"; sourceTree = "<absolute>"; };
		9111B5A3CF92404687B775F0 /* ../cmake/Source/ui_ios/gs/GSH_Vulkan/FrameworkVulkan/CMakeFiles/Framework_Vulkan.dir/Info.plist */ = {isa = PBXFileReference; explicitFileType = sourcecode.text.plist; fileEncoding = 4; name = Info.plist; path = ../cmake/Source/ui_ios/gs/GSH_Vulkan/FrameworkVulkan/CMakeFiles/Framework_Vulkan.dir/Info.plist; sourceTree = "<absolute>"; };
		9C28C5DD6E7C4D508DE59ADC /* ../Play-/deps/Framework/include/vulkan/Device.h */ = {isa = PBXFileReference; explicitFileType = sourcecode.c.h; fileEncoding = 4; name = Device.h; path = "../Play-/deps/Framework/include/vulkan/Device.h"; sourceTree = "<absolute>"; };
		9C2F0E93BEED4B73A6A6E217 /* Framework_Vulkan */ = {isa = PBXFileReference; explicitFileType = archive.ar; path = libFramework_Vulkan.a; sourceTree = BUILT_PRODUCTS_DIR; };
		B777B372E5B74143BB2783B2 /* ../Play-/deps/Framework/include/vulkan/CommandBufferPool.h */ = {isa = PBXFileReference; explicitFileType = sourcecode.c.h; fileEncoding = 4; name = CommandBufferPool.h; path = "../Play-/deps/Framework/include/vulkan/CommandBufferPool.h"; sourceTree = "<absolute>"; };
		BBA2A1BD34DC4A939034D0C4 /* ../Play-/deps/Framework/src/vulkan/Image.cpp */ = {isa = PBXFileReference; explicitFileType = sourcecode.cpp.cpp; fileEncoding = 4; name = Image.cpp; path = "../Play-/deps/Framework/src/vulkan/Image.cpp"; sourceTree = "<absolute>"; };
		BC15B976D7754C908899CA53 /* ../Play-/deps/Framework/build_cmake/FrameworkVulkan/CMakeLists.txt */ = {isa = PBXFileReference; explicitFileType = sourcecode.text; fileEncoding = 4; name = CMakeLists.txt; path = CMakeLists.txt; sourceTree = SOURCE_ROOT; };
		BC2E72E5B4A343978447F19C /* ../Play-/deps/Framework/include/vulkan/VulkanDef.h */ = {isa = PBXFileReference; explicitFileType = sourcecode.c.h; fileEncoding = 4; name = VulkanDef.h; path = "../Play-/deps/Framework/include/vulkan/VulkanDef.h"; sourceTree = "<absolute>"; };
		BCC96D9107D3462DB67D9511 /* ../Play-/deps/Framework/src/vulkan/Instance.cpp */ = {isa = PBXFileReference; explicitFileType = sourcecode.cpp.cpp; fileEncoding = 4; name = Instance.cpp; path = "../Play-/deps/Framework/src/vulkan/Instance.cpp"; sourceTree = "<absolute>"; };
		C183410B38F749BD8531BC51 /* ../Play-/deps/Framework/include/vulkan/Buffer.h */ = {isa = PBXFileReference; explicitFileType = sourcecode.c.h; fileEncoding = 4; name = Buffer.h; path = "../Play-/deps/Framework/include/vulkan/Buffer.h"; sourceTree = "<absolute>"; };
		C244757FDB3C4718820AEB9C /* ../Play-/deps/Framework/include/vulkan/StructDefs.h */ = {isa = PBXFileReference; explicitFileType = sourcecode.c.h; fileEncoding = 4; name = StructDefs.h; path = "../Play-/deps/Framework/include/vulkan/StructDefs.h"; sourceTree = "<absolute>"; };
		C92A7EB7F1E64CBA91361585 /* ../Play-/deps/Framework/include/vulkan/Instance.h */ = {isa = PBXFileReference; explicitFileType = sourcecode.c.h; fileEncoding = 4; name = Instance.h; path = "../Play-/deps/Framework/include/vulkan/Instance.h"; sourceTree = "<absolute>"; };
		E6F8222B5DFC4E38AEA50C56 /* ../Play-/deps/Framework/src/vulkan/ShaderModule.cpp */ = {isa = PBXFileReference; explicitFileType = sourcecode.cpp.cpp; fileEncoding = 4; name = ShaderModule.cpp; path = "../Play-/deps/Framework/src/vulkan/ShaderModule.cpp"; sourceTree = "<absolute>"; };
		EBF91B7CB30F4EF3AF629DF3 /* ../Play-/deps/Framework/build_cmake/FrameworkVulkan/CMakeLists.txt */ = {isa = PBXFileReference; explicitFileType = sourcecode.text; fileEncoding = 4; name = CMakeLists.txt; path = CMakeLists.txt; sourceTree = SOURCE_ROOT; };
		EDA767FE26F3442E95579CD1 /* ../Play-/deps/Framework/src/vulkan/Utils.cpp */ = {isa = PBXFileReference; explicitFileType = sourcecode.cpp.cpp; fileEncoding = 4; name = Utils.cpp; path = "../Play-/deps/Framework/src/vulkan/Utils.cpp"; sourceTree = "<absolute>"; };
		F28DE7B9A055441FA4FBAECC /* ../Play-/deps/Framework/include/vulkan/Loader.h */ = {isa = PBXFileReference; explicitFileType = sourcecode.c.h; fileEncoding = 4; name = Loader.h; path = "../Play-/deps/Framework/include/vulkan/Loader.h"; sourceTree = "<absolute>"; };
		FCB3BC703ED445A6A8D7206B /* ../Play-/deps/Framework/include/vulkan/ShaderModule.h */ = {isa = PBXFileReference; explicitFileType = sourcecode.c.h; fileEncoding = 4; name = ShaderModule.h; path = "../Play-/deps/Framework/include/vulkan/ShaderModule.h"; sourceTree = "<absolute>"; };
/* End PBXFileReference section */

/* Begin PBXFrameworksBuildPhase section */
		481706BF0DCC47368AEAD399 /* Frameworks */ = {
			isa = PBXFrameworksBuildPhase;
			buildActionMask = 2147483647;
			files = (
			);
			runOnlyForDeploymentPostprocessing = 0;
		};
/* End PBXFrameworksBuildPhase section */

/* Begin PBXGroup section */
		3D4F802B298E4B29BD64641E /* Framework_Vulkan */ = {
			isa = PBXGroup;
			children = (
				70B7EEF62142459C9EA41BD5 /* Source Files */,
				F6BAFB56841E4E6A8B225821 /* Header Files */,
				C9735CEDF9564EB8925419CF /* Resources */,
				EBF91B7CB30F4EF3AF629DF3 /* ../Play-/deps/Framework/build_cmake/FrameworkVulkan/CMakeLists.txt */,
			);
			name = Framework_Vulkan;
			sourceTree = "<group>";
		};
		70B7EEF62142459C9EA41BD5 /* Source Files */ = {
			isa = PBXGroup;
			children = (
				1413141BFFA14A3BAFEAE184 /* ../Play-/deps/Framework/src/vulkan/Buffer.cpp */,
				41D316AAA1ED4AC489AB70F3 /* ../Play-/deps/Framework/src/vulkan/CommandBufferPool.cpp */,
				538F0950BC5644BB88B05988 /* ../Play-/deps/Framework/src/vulkan/Device.cpp */,
				BBA2A1BD34DC4A939034D0C4 /* ../Play-/deps/Framework/src/vulkan/Image.cpp */,
				BCC96D9107D3462DB67D9511 /* ../Play-/deps/Framework/src/vulkan/Instance.cpp */,
				0B8308F95E1549F3AF3C1EC4 /* ../Play-/deps/Framework/src/vulkan/Loader.cpp */,
				E6F8222B5DFC4E38AEA50C56 /* ../Play-/deps/Framework/src/vulkan/ShaderModule.cpp */,
				EDA767FE26F3442E95579CD1 /* ../Play-/deps/Framework/src/vulkan/Utils.cpp */,
			);
			name = "Source Files";
			sourceTree = "<group>";
		};
		84BB901E3DC540DAA419967B /* ALL_BUILD */ = {
			isa = PBXGroup;
			children = (
				E81E5E4570F94D0DA241DAE3 /* CMake Rules */,
				BC15B976D7754C908899CA53 /* ../Play-/deps/Framework/build_cmake/FrameworkVulkan/CMakeLists.txt */,
			);
			name = ALL_BUILD;
			sourceTree = "<group>";
		};
		BB347392A80140EC8CC794FC = {
			isa = PBXGroup;
			children = (
				3D4F802B298E4B29BD64641E /* Framework_Vulkan */,
				84BB901E3DC540DAA419967B /* ALL_BUILD */,
				CC000136EC7441B8B4249A1E /* Products */,
				E4F68A3B159C483FBEBBDAFB /* Frameworks */,
			);
			sourceTree = "<group>";
		};
		C9735CEDF9564EB8925419CF /* Resources */ = {
			isa = PBXGroup;
			children = (
				9111B5A3CF92404687B775F0 /* ../cmake/Source/ui_ios/gs/GSH_Vulkan/FrameworkVulkan/CMakeFiles/Framework_Vulkan.dir/Info.plist */,
			);
			name = Resources;
			sourceTree = "<group>";
		};
		CC000136EC7441B8B4249A1E /* Products */ = {
			isa = PBXGroup;
			children = (
				9C2F0E93BEED4B73A6A6E217 /* Framework_Vulkan */,
			);
			name = Products;
			sourceTree = "<group>";
		};
		E4F68A3B159C483FBEBBDAFB /* Frameworks */ = {
			isa = PBXGroup;
			children = (
			);
			name = Frameworks;
			sourceTree = "<group>";
		};
		E81E5E4570F94D0DA241DAE3 /* CMake Rules */ = {
			isa = PBXGroup;
			children = (
			);
			name = "CMake Rules";
			sourceTree = "<group>";
		};
		F6BAFB56841E4E6A8B225821 /* Header Files */ = {
			isa = PBXGroup;
			children = (
				C183410B38F749BD8531BC51 /* ../Play-/deps/Framework/include/vulkan/Buffer.h */,
				B777B372E5B74143BB2783B2 /* ../Play-/deps/Framework/include/vulkan/CommandBufferPool.h */,
				9C28C5DD6E7C4D508DE59ADC /* ../Play-/deps/Framework/include/vulkan/Device.h */,
				3CA3F272D0E142A2BD17B0EC /* ../Play-/deps/Framework/include/vulkan/Image.h */,
				C92A7EB7F1E64CBA91361585 /* ../Play-/deps/Framework/include/vulkan/Instance.h */,
				F28DE7B9A055441FA4FBAECC /* ../Play-/deps/Framework/include/vulkan/Loader.h */,
				FCB3BC703ED445A6A8D7206B /* ../Play-/deps/Framework/include/vulkan/ShaderModule.h */,
				5A6CA0D3A4CD4AAEB6A97609 /* ../Play-/deps/Framework/include/vulkan/StructChain.h */,
				C244757FDB3C4718820AEB9C /* ../Play-/deps/Framework/include/vulkan/StructDefs.h */,
				027DF341217D4E1286E77881 /* ../Play-/deps/Framework/include/vulkan/Utils.h */,
				BC2E72E5B4A343978447F19C /* ../Play-/deps/Framework/include/vulkan/VulkanDef.h */,
			);
			name = "Header Files";
			sourceTree = "<group>";
		};
/* End PBXGroup section */

/* Begin PBXNativeTarget section */
		EBDF8B38FCFC408DAFF76235 /* Framework_Vulkan */ = {
			isa = PBXNativeTarget;
			buildConfigurationList = 13F4B1A0B6BA4D18AE139847 /* Build configuration list for PBXNativeTarget "Framework_Vulkan" */;
			buildPhases = (
				63460A624316439BAE17EA63 /* Sources */,
				481706BF0DCC47368AEAD399 /* Frameworks */,
			);
			buildRules = (
			);
			dependencies = (
				86DD70BE8AD04B6AA69FB3EF /* PBXTargetDependency */,
			);
			name = Framework_Vulkan;
			productName = Framework_Vulkan;
			productReference = 9C2F0E93BEED4B73A6A6E217 /* Framework_Vulkan */;
			productType = "com.apple.product-type.library.static";
		};
/* End PBXNativeTarget section */

/* Begin PBXProject section */
		EF009B7941174FE5A011B8B8 /* Project object */ = {
			isa = PBXProject;
			attributes = {
				BuildIndependentTargetsInParallel = YES;
				LastUpgradeCheck = 1500;
			};
			buildConfigurationList = 26C03B50DDFF4A2E8B3628E3 /* Build configuration list for PBXProject "Framework_Vulkan" */;
			buildSettings = {
			};
			buildStyles = (
				A87EFB42EFE64EE0AE417C41 /* Debug */,
				54AF8122A55A4EB69DAAF3CA /* Release */,
				92DEDF5E63C849B1ACAEAFCB /* MinSizeRel */,
				CB8FDBA60A914BC895D833E2 /* RelWithDebInfo */,
			);
			compatibilityVersion = "Xcode 3.2";
			hasScannedForEncodings = 0;
			mainGroup = BB347392A80140EC8CC794FC;
			projectDirPath = "../Play-";
			projectRoot = "";
			targets = (
				F79EE59899544A67B12CB8F2 /* ALL_BUILD */,
				EBDF8B38FCFC408DAFF76235 /* Framework_Vulkan */,
				8BCD176C8FFF461D905EA9CD /* RUN_TESTS */,
				DAB69F6DD3114DF6A6B504DB /* ZERO_CHECK */,
				FC9CD7A99A534051BEB8AC72 /* install */,
				A3F400094DE749EEB922DD52 /* package */,
			);
		};
/* End PBXProject section */

/* Begin PBXShellScriptBuildPhase section */
		003C8D08B0008F35F218E126 /* CMake PostBuild Rules */ = {
			isa = PBXShellScriptBuildPhase;
			alwaysOutOfDate = 1;
			buildActionMask = 2147483647;
			files = (
			);
			name = "CMake PostBuild Rules";
			outputPaths = (
			);
			runOnlyForDeploymentPostprocessing = 0;
			shellPath = /bin/sh;
			shellScript = "set -e
if test \"$CONFIGURATION\" = \"Debug\"; then :
  cd ../cmake/Source/ui_ios/gs/GSH_Vulkan/FrameworkVulkan
  /usr/local/Cellar/cmake/3.27.2/bin/ctest --force-new-ctest-process -C $CONFIGURATION$EFFECTIVE_PLATFORM_NAME
fi
if test \"$CONFIGURATION\" = \"Release\"; then :
  cd ../cmake/Source/ui_ios/gs/GSH_Vulkan/FrameworkVulkan
  /usr/local/Cellar/cmake/3.27.2/bin/ctest --force-new-ctest-process -C $CONFIGURATION$EFFECTIVE_PLATFORM_NAME
fi
if test \"$CONFIGURATION\" = \"MinSizeRel\"; then :
  cd ../cmake/Source/ui_ios/gs/GSH_Vulkan/FrameworkVulkan
  /usr/local/Cellar/cmake/3.27.2/bin/ctest --force-new-ctest-process -C $CONFIGURATION$EFFECTIVE_PLATFORM_NAME
fi
if test \"$CONFIGURATION\" = \"RelWithDebInfo\"; then :
  cd ../cmake/Source/ui_ios/gs/GSH_Vulkan/FrameworkVulkan
  /usr/local/Cellar/cmake/3.27.2/bin/ctest --force-new-ctest-process -C $CONFIGURATION$EFFECTIVE_PLATFORM_NAME
fi
";
			showEnvVarsInLog = 0;
		};
		3C0110FC8322DE7E50886E21 = {
			isa = PBXShellScriptBuildPhase;
			buildActionMask = 2147483647;
			files = (
			);
			inputPaths = (
			);
			outputPaths = (
			);
			runOnlyForDeploymentPostprocessing = 0;
			shellPath = /bin/sh;
			shellScript = "# shell script goes here
exit 0";
			showEnvVarsInLog = 0;
		};
		571234464C2A5D0D43F1AB42 /* CMake PostBuild Rules */ = {
			isa = PBXShellScriptBuildPhase;
			alwaysOutOfDate = 1;
			buildActionMask = 2147483647;
			files = (
			);
			name = "CMake PostBuild Rules";
			outputPaths = (
			);
			runOnlyForDeploymentPostprocessing = 0;
			shellPath = /bin/sh;
			shellScript = "set -e
if test \"$CONFIGURATION\" = \"Debug\"; then :
  cd ../cmake
  /usr/local/Cellar/cmake/3.27.2/bin/cpack -C $CONFIGURATION$EFFECTIVE_PLATFORM_NAME --config ./CPackConfig.cmake
fi
if test \"$CONFIGURATION\" = \"Release\"; then :
  cd ../cmake
  /usr/local/Cellar/cmake/3.27.2/bin/cpack -C $CONFIGURATION$EFFECTIVE_PLATFORM_NAME --config ./CPackConfig.cmake
fi
if test \"$CONFIGURATION\" = \"MinSizeRel\"; then :
  cd ../cmake
  /usr/local/Cellar/cmake/3.27.2/bin/cpack -C $CONFIGURATION$EFFECTIVE_PLATFORM_NAME --config ./CPackConfig.cmake
fi
if test \"$CONFIGURATION\" = \"RelWithDebInfo\"; then :
  cd ../cmake
  /usr/local/Cellar/cmake/3.27.2/bin/cpack -C $CONFIGURATION$EFFECTIVE_PLATFORM_NAME --config ./CPackConfig.cmake
fi
";
			showEnvVarsInLog = 0;
		};
		5AA044C26E1AF633911A4B6F /* Generate CMakeFiles/ALL_BUILD */ = {
			isa = PBXShellScriptBuildPhase;
			alwaysOutOfDate = 1;
			buildActionMask = 2147483647;
			files = (
			);
			inputPaths = (
			);
			name = "Generate CMakeFiles/ALL_BUILD";
			outputPaths = (
../cmake/Source/ui_ios/gs/GSH_Vulkan/FrameworkVulkan/CMakeFiles/ALL_BUILD			);
			runOnlyForDeploymentPostprocessing = 0;
			shellPath = /bin/sh;
			shellScript = "set -e
if test \"$CONFIGURATION\" = \"Debug\"; then :
  cd ../cmake/Source/ui_ios/gs/GSH_Vulkan/FrameworkVulkan
  echo Build\\ all\\ projects
fi
if test \"$CONFIGURATION\" = \"Release\"; then :
  cd ../cmake/Source/ui_ios/gs/GSH_Vulkan/FrameworkVulkan
  echo Build\\ all\\ projects
fi
if test \"$CONFIGURATION\" = \"MinSizeRel\"; then :
  cd ../cmake/Source/ui_ios/gs/GSH_Vulkan/FrameworkVulkan
  echo Build\\ all\\ projects
fi
if test \"$CONFIGURATION\" = \"RelWithDebInfo\"; then :
  cd ../cmake/Source/ui_ios/gs/GSH_Vulkan/FrameworkVulkan
  echo Build\\ all\\ projects
fi
";
			showEnvVarsInLog = 0;
		};
		661D9C604B3B91332E7543CC = {
			isa = PBXShellScriptBuildPhase;
			buildActionMask = 2147483647;
			files = (
			);
			inputPaths = (
			);
			outputPaths = (
			);
			runOnlyForDeploymentPostprocessing = 0;
			shellPath = /bin/sh;
			shellScript = "# shell script goes here
exit 0";
			showEnvVarsInLog = 0;
		};
		87AF4882E018677E2624B544 = {
			isa = PBXShellScriptBuildPhase;
			buildActionMask = 2147483647;
			files = (
			);
			inputPaths = (
			);
			outputPaths = (
			);
			runOnlyForDeploymentPostprocessing = 0;
			shellPath = /bin/sh;
			shellScript = "# shell script goes here
exit 0";
			showEnvVarsInLog = 0;
		};
		910A41151295C5F9742C25BD = {
			isa = PBXShellScriptBuildPhase;
			buildActionMask = 2147483647;
			files = (
			);
			inputPaths = (
			);
			outputPaths = (
			);
			runOnlyForDeploymentPostprocessing = 0;
			shellPath = /bin/sh;
			shellScript = "# shell script goes here
exit 0";
			showEnvVarsInLog = 0;
		};
		93426DA6A4AC2C2AC9CE883C /* CMake PostBuild Rules */ = {
			isa = PBXShellScriptBuildPhase;
			alwaysOutOfDate = 1;
			buildActionMask = 2147483647;
			files = (
			);
			name = "CMake PostBuild Rules";
			outputPaths = (
			);
			runOnlyForDeploymentPostprocessing = 0;
			shellPath = /bin/sh;
			shellScript = "set -e
if test \"$CONFIGURATION\" = \"Debug\"; then :
  cd ../cmake/Source/ui_ios/gs/GSH_Vulkan/FrameworkVulkan
  /usr/local/Cellar/cmake/3.27.2/bin/cmake -DBUILD_TYPE=$CONFIGURATION -DEFFECTIVE_PLATFORM_NAME=$EFFECTIVE_PLATFORM_NAME -P cmake_install.cmake
fi
if test \"$CONFIGURATION\" = \"Release\"; then :
  cd ../cmake/Source/ui_ios/gs/GSH_Vulkan/FrameworkVulkan
  /usr/local/Cellar/cmake/3.27.2/bin/cmake -DBUILD_TYPE=$CONFIGURATION -DEFFECTIVE_PLATFORM_NAME=$EFFECTIVE_PLATFORM_NAME -P cmake_install.cmake
fi
if test \"$CONFIGURATION\" = \"MinSizeRel\"; then :
  cd ../cmake/Source/ui_ios/gs/GSH_Vulkan/FrameworkVulkan
  /usr/local/Cellar/cmake/3.27.2/bin/cmake -DBUILD_TYPE=$CONFIGURATION -DEFFECTIVE_PLATFORM_NAME=$EFFECTIVE_PLATFORM_NAME -P cmake_install.cmake
fi
if test \"$CONFIGURATION\" = \"RelWithDebInfo\"; then :
  cd ../cmake/Source/ui_ios/gs/GSH_Vulkan/FrameworkVulkan
  /usr/local/Cellar/cmake/3.27.2/bin/cmake -DBUILD_TYPE=$CONFIGURATION -DEFFECTIVE_PLATFORM_NAME=$EFFECTIVE_PLATFORM_NAME -P cmake_install.cmake
fi
";
			showEnvVarsInLog = 0;
		};
		9B50530E35CC49C82C2FACCF = {
			isa = PBXShellScriptBuildPhase;
			buildActionMask = 2147483647;
			files = (
			);
			inputPaths = (
			);
			outputPaths = (
			);
			runOnlyForDeploymentPostprocessing = 0;
			shellPath = /bin/sh;
			shellScript = "# shell script goes here
exit 0";
			showEnvVarsInLog = 0;
		};
		DBC248BCC139D52CF15215A4 /* Generate CMakeFiles/ZERO_CHECK */ = {
			isa = PBXShellScriptBuildPhase;
			alwaysOutOfDate = 1;
			buildActionMask = 2147483647;
			files = (
			);
			inputPaths = (
			);
			name = "Generate CMakeFiles/ZERO_CHECK";
			outputPaths = (
../cmake/Source/ui_ios/gs/GSH_Vulkan/FrameworkVulkan/CMakeFiles/ZERO_CHECK			);
			runOnlyForDeploymentPostprocessing = 0;
			shellPath = /bin/sh;
			shellScript = "set -e
if test \"$CONFIGURATION\" = \"Debug\"; then :
  cd ../cmake/Source/ui_ios/gs/GSH_Vulkan/FrameworkVulkan
  make -f ../cmake/Source/ui_ios/gs/GSH_Vulkan/FrameworkVulkan/CMakeScripts/ReRunCMake.make
fi
if test \"$CONFIGURATION\" = \"Release\"; then :
  cd ../cmake/Source/ui_ios/gs/GSH_Vulkan/FrameworkVulkan
  make -f ../cmake/Source/ui_ios/gs/GSH_Vulkan/FrameworkVulkan/CMakeScripts/ReRunCMake.make
fi
if test \"$CONFIGURATION\" = \"MinSizeRel\"; then :
  cd ../cmake/Source/ui_ios/gs/GSH_Vulkan/FrameworkVulkan
  make -f ../cmake/Source/ui_ios/gs/GSH_Vulkan/FrameworkVulkan/CMakeScripts/ReRunCMake.make
fi
if test \"$CONFIGURATION\" = \"RelWithDebInfo\"; then :
  cd ../cmake/Source/ui_ios/gs/GSH_Vulkan/FrameworkVulkan
  make -f ../cmake/Source/ui_ios/gs/GSH_Vulkan/FrameworkVulkan/CMakeScripts/ReRunCMake.make
fi
";
			showEnvVarsInLog = 0;
		};
/* End PBXShellScriptBuildPhase section */

/* Begin PBXSourcesBuildPhase section */
		63460A624316439BAE17EA63 /* Sources */ = {
			isa = PBXSourcesBuildPhase;
			buildActionMask = 2147483647;
			files = (
				51E3A864870E45C381BB252D /* ../Play-/deps/Framework/src/vulkan/Buffer.cpp */,
				89E14D1812B74E3298A50757 /* ../Play-/deps/Framework/src/vulkan/CommandBufferPool.cpp */,
				93F620399B3C4A8B9E89F955 /* ../Play-/deps/Framework/src/vulkan/Device.cpp */,
				0092DC2F379349EBAED7C23F /* ../Play-/deps/Framework/src/vulkan/Image.cpp */,
				FE44757A08A0478E81AE35C1 /* ../Play-/deps/Framework/src/vulkan/Instance.cpp */,
				7A8D43DE6B244E0EAFFE826E /* ../Play-/deps/Framework/src/vulkan/Loader.cpp */,
				3794BB9210D04E69B9888632 /* ../Play-/deps/Framework/src/vulkan/ShaderModule.cpp */,
				ED593665BF554283BFE461AC /* ../Play-/deps/Framework/src/vulkan/Utils.cpp */,
			);
			runOnlyForDeploymentPostprocessing = 0;
		};
/* End PBXSourcesBuildPhase section */

/* Begin PBXTargetDependency section */
		746D3A5F77374E599E5C2F41 /* PBXTargetDependency */ = {
			isa = PBXTargetDependency;
			target = F79EE59899544A67B12CB8F2 /* ALL_BUILD */;
			targetProxy = 2855D41D71FD415890323D54 /* PBXContainerItemProxy */;
		};
		86DD70BE8AD04B6AA69FB3EF /* PBXTargetDependency */ = {
			isa = PBXTargetDependency;
			target = DAB69F6DD3114DF6A6B504DB /* ZERO_CHECK */;
			targetProxy = B23AFC2ADC72408D866DE7B2 /* PBXContainerItemProxy */;
		};
		943646BC14E240BAA6E1DBC1 /* PBXTargetDependency */ = {
			isa = PBXTargetDependency;
			target = F79EE59899544A67B12CB8F2 /* ALL_BUILD */;
			targetProxy = 7744641470EC458AAC7415FF /* PBXContainerItemProxy */;
		};
		9B0692F08B994C928405E422 /* PBXTargetDependency */ = {
			isa = PBXTargetDependency;
			target = DAB69F6DD3114DF6A6B504DB /* ZERO_CHECK */;
			targetProxy = F366295738864CEDAA7404AD /* PBXContainerItemProxy */;
		};
		A965377FBEE9444F96B0A9B6 /* PBXTargetDependency */ = {
			isa = PBXTargetDependency;
			target = EBDF8B38FCFC408DAFF76235 /* Framework_Vulkan */;
			targetProxy = E105F59FF0E64197BAAC4A11 /* PBXContainerItemProxy */;
		};
/* End PBXTargetDependency section */

/* Begin XCBuildConfiguration section */
		01BA3D14A667418698D75ECF /* Release */ = {
			isa = XCBuildConfiguration;
			buildSettings = {
				ALWAYS_SEARCH_USER_PATHS = NO;
				COMBINE_HIDPI_IMAGES = YES;
				GCC_GENERATE_DEBUGGING_SYMBOLS = YES;
				GCC_INLINES_ARE_PRIVATE_EXTERN = NO;
				GCC_OPTIMIZATION_LEVEL = 0;
				GCC_PREPROCESSOR_DEFINITIONS = ("'CMAKE_INTDIR=\"$(CONFIGURATION)$(EFFECTIVE_PLATFORM_NAME)\"'","$(inherited)");
				GCC_SYMBOLS_PRIVATE_EXTERN = NO;
				INSTALL_PATH = "";
				OTHER_LDFLAGS = ("","$(inherited)");
				OTHER_REZFLAGS = "";
				PRODUCT_NAME = package;
				SECTORDER_FLAGS = "";
				USE_HEADERMAP = NO;
				WARNING_CFLAGS = ("$(inherited)");
			};
			name = Release;
		};
		098FE46590804D7492BFA9C7 /* RelWithDebInfo */ = {
			isa = XCBuildConfiguration;
			buildSettings = {
				ALWAYS_SEARCH_USER_PATHS = NO;
				COMBINE_HIDPI_IMAGES = YES;
				GCC_GENERATE_DEBUGGING_SYMBOLS = YES;
				GCC_INLINES_ARE_PRIVATE_EXTERN = NO;
				GCC_OPTIMIZATION_LEVEL = 0;
				GCC_PREPROCESSOR_DEFINITIONS = ("'CMAKE_INTDIR=\"$(CONFIGURATION)$(EFFECTIVE_PLATFORM_NAME)\"'","$(inherited)");
				GCC_SYMBOLS_PRIVATE_EXTERN = NO;
				INSTALL_PATH = "";
				OTHER_LDFLAGS = ("","$(inherited)");
				OTHER_REZFLAGS = "";
				PRODUCT_NAME = RUN_TESTS;
				SECTORDER_FLAGS = "";
				USE_HEADERMAP = NO;
				WARNING_CFLAGS = ("$(inherited)");
			};
			name = RelWithDebInfo;
		};
		1472F65B22D24FE28B8D827F /* Debug */ = {
			isa = XCBuildConfiguration;
			buildSettings = {
				ALWAYS_SEARCH_USER_PATHS = NO;
				COMBINE_HIDPI_IMAGES = YES;
				GCC_GENERATE_DEBUGGING_SYMBOLS = YES;
				GCC_INLINES_ARE_PRIVATE_EXTERN = NO;
				GCC_OPTIMIZATION_LEVEL = 0;
				GCC_PREPROCESSOR_DEFINITIONS = ("'CMAKE_INTDIR=\"$(CONFIGURATION)$(EFFECTIVE_PLATFORM_NAME)\"'","$(inherited)");
				GCC_SYMBOLS_PRIVATE_EXTERN = NO;
				INSTALL_PATH = "";
				OTHER_LDFLAGS = ("","$(inherited)");
				OTHER_REZFLAGS = "";
				PRODUCT_NAME = ALL_BUILD;
				SECTORDER_FLAGS = "";
				USE_HEADERMAP = NO;
				WARNING_CFLAGS = ("$(inherited)");
			};
			name = Debug;
		};
		21ADBD767FD6430497D1F553 /* Debug */ = {
			isa = XCBuildConfiguration;
			buildSettings = {
				ALWAYS_SEARCH_USER_PATHS = NO;
				COMBINE_HIDPI_IMAGES = YES;
				GCC_GENERATE_DEBUGGING_SYMBOLS = YES;
				GCC_INLINES_ARE_PRIVATE_EXTERN = NO;
				GCC_OPTIMIZATION_LEVEL = 0;
				GCC_PREPROCESSOR_DEFINITIONS = ("'CMAKE_INTDIR=\"$(CONFIGURATION)$(EFFECTIVE_PLATFORM_NAME)\"'","$(inherited)");
				GCC_SYMBOLS_PRIVATE_EXTERN = NO;
				INSTALL_PATH = "";
				OTHER_LDFLAGS = ("","$(inherited)");
				OTHER_REZFLAGS = "";
				PRODUCT_NAME = package;
				SECTORDER_FLAGS = "";
				USE_HEADERMAP = NO;
				WARNING_CFLAGS = ("$(inherited)");
			};
			name = Debug;
		};
		226E1E2D01474CD4979A70FD /* Release */ = {
			isa = XCBuildConfiguration;
			buildSettings = {
				ALWAYS_SEARCH_USER_PATHS = NO;
				COMBINE_HIDPI_IMAGES = YES;
				GCC_GENERATE_DEBUGGING_SYMBOLS = YES;
				GCC_INLINES_ARE_PRIVATE_EXTERN = NO;
				GCC_OPTIMIZATION_LEVEL = 0;
				GCC_PREPROCESSOR_DEFINITIONS = ("'CMAKE_INTDIR=\"$(CONFIGURATION)$(EFFECTIVE_PLATFORM_NAME)\"'","$(inherited)");
				GCC_SYMBOLS_PRIVATE_EXTERN = NO;
				INSTALL_PATH = "";
				OTHER_LDFLAGS = ("","$(inherited)");
				OTHER_REZFLAGS = "";
				PRODUCT_NAME = install;
				SECTORDER_FLAGS = "";
				USE_HEADERMAP = NO;
				WARNING_CFLAGS = ("$(inherited)");
			};
			name = Release;
		};
		27C781DCA16B463683FB6F6D /* MinSizeRel */ = {
			isa = XCBuildConfiguration;
			buildSettings = {
				ALWAYS_SEARCH_USER_PATHS = NO;
				COMBINE_HIDPI_IMAGES = YES;
				GCC_GENERATE_DEBUGGING_SYMBOLS = YES;
				GCC_INLINES_ARE_PRIVATE_EXTERN = NO;
				GCC_OPTIMIZATION_LEVEL = 0;
				GCC_PREPROCESSOR_DEFINITIONS = ("'CMAKE_INTDIR=\"$(CONFIGURATION)$(EFFECTIVE_PLATFORM_NAME)\"'","$(inherited)");
				GCC_SYMBOLS_PRIVATE_EXTERN = NO;
				INSTALL_PATH = "";
				OTHER_LDFLAGS = ("","$(inherited)");
				OTHER_REZFLAGS = "";
				PRODUCT_NAME = install;
				SECTORDER_FLAGS = "";
				USE_HEADERMAP = NO;
				WARNING_CFLAGS = ("$(inherited)");
			};
			name = MinSizeRel;
		};
		2C738F71EB184ADEA4859BED /* Debug */ = {
			isa = XCBuildConfiguration;
			buildSettings = {
				ARCHS = arm64;
				CLANG_CXX_LIBRARY = "libc++";
				CODE_SIGNING_ALLOWED = NO;
				CODE_SIGNING_REQUIRED = NO;
				CODE_SIGN_IDENTITY = "";
				DEVELOPMENT_TEAM = XXXXXXXXXX;
				IPHONEOS_DEPLOYMENT_TARGET = 12.2;
				PROVISIONING_PROFILE_SPECIFIER = "iOS Team Provisioning Profile: *";
				SDKROOT = iphoneos;
				SWIFT_VERSION = 4.0;
				BUILD_DIR = ../lib;
			};
			name = Debug;
		};
		3DFE1DFE1CBC4709812A5C7B /* Release */ = {
			isa = XCBuildConfiguration;
			buildSettings = {
				ALWAYS_SEARCH_USER_PATHS = NO;
				ARCHS = arm64;
				CLANG_CXX_LIBRARY = "libc++";
				COMBINE_HIDPI_IMAGES = YES;
				
				EXECUTABLE_PREFIX = lib;
				EXECUTABLE_SUFFIX = .a;
				GCC_GENERATE_DEBUGGING_SYMBOLS = NO;
				GCC_INLINES_ARE_PRIVATE_EXTERN = NO;
				GCC_OPTIMIZATION_LEVEL = fast;
				GCC_PREPROCESSOR_DEFINITIONS = ("'CMAKE_INTDIR=\"$(CONFIGURATION)$(EFFECTIVE_PLATFORM_NAME)\"'","'PLAY_VERSION=\"0.30\"'",ZWRAP_USE_ZSTD,"$(inherited)");
				GCC_SYMBOLS_PRIVATE_EXTERN = NO;
				HEADER_SEARCH_PATHS = ("../Play-/deps/Framework/build_cmake/FrameworkVulkan/../../include",../../../MoltenVK/MoltenVK/MoltenVK/include,"../Play-/deps/Framework/build_cmake/Framework/../../include","../Play-/deps/Dependencies/build_cmake/zstd_zlibwrapper/../../zstd/lib","../Play-/deps/Dependencies/build_cmake/zstd_zlibwrapper/../../zstd/zlibWrapper","../Play-/deps/Dependencies/ghc_filesystem/include","$(inherited)");
				INSTALL_PATH = "";
				LIBRARY_STYLE = STATIC;
				ONLY_ACTIVE_ARCH = NO;
				OTHER_CPLUSPLUSFLAGS = "                -mios-version-min=12.2                -mios-version-min=12.2 -x objective-c++        -DNDEBUG -DNDEBUG -DNDEBUG '-std=gnu++17' ";
				OTHER_LIBTOOLFLAGS = ("");
				OTHER_REZFLAGS = "";
				PRODUCT_NAME = Framework_Vulkan;
				SECTORDER_FLAGS = "";
				
				USE_HEADERMAP = NO;
				WARNING_CFLAGS = ("$(inherited)");
			};
			name = Release;
		};
		4829EB5F09DA48968C80DE49 /* Release */ = {
			isa = XCBuildConfiguration;
			buildSettings = {
				ALWAYS_SEARCH_USER_PATHS = NO;
				COMBINE_HIDPI_IMAGES = YES;
				GCC_GENERATE_DEBUGGING_SYMBOLS = YES;
				GCC_INLINES_ARE_PRIVATE_EXTERN = NO;
				GCC_OPTIMIZATION_LEVEL = 0;
				GCC_PREPROCESSOR_DEFINITIONS = ("'CMAKE_INTDIR=\"$(CONFIGURATION)$(EFFECTIVE_PLATFORM_NAME)\"'","$(inherited)");
				GCC_SYMBOLS_PRIVATE_EXTERN = NO;
				INSTALL_PATH = "";
				OTHER_LDFLAGS = ("","$(inherited)");
				OTHER_REZFLAGS = "";
				PRODUCT_NAME = RUN_TESTS;
				SECTORDER_FLAGS = "";
				USE_HEADERMAP = NO;
				WARNING_CFLAGS = ("$(inherited)");
			};
			name = Release;
		};
		5727F4FFCE694881AAC4B8A8 /* RelWithDebInfo */ = {
			isa = XCBuildConfiguration;
			buildSettings = {
				ALWAYS_SEARCH_USER_PATHS = NO;
				ARCHS = arm64;
				CLANG_CXX_LIBRARY = "libc++";
				COMBINE_HIDPI_IMAGES = YES;
				
				EXECUTABLE_PREFIX = lib;
				EXECUTABLE_SUFFIX = .a;
				GCC_GENERATE_DEBUGGING_SYMBOLS = YES;
				GCC_INLINES_ARE_PRIVATE_EXTERN = NO;
				GCC_OPTIMIZATION_LEVEL = 2;
				GCC_PREPROCESSOR_DEFINITIONS = ("'CMAKE_INTDIR=\"$(CONFIGURATION)$(EFFECTIVE_PLATFORM_NAME)\"'","'PLAY_VERSION=\"0.30\"'",ZWRAP_USE_ZSTD,"$(inherited)");
				GCC_SYMBOLS_PRIVATE_EXTERN = NO;
				HEADER_SEARCH_PATHS = ("../Play-/deps/Framework/build_cmake/FrameworkVulkan/../../include",../../../MoltenVK/MoltenVK/MoltenVK/include,"../Play-/deps/Framework/build_cmake/Framework/../../include","../Play-/deps/Dependencies/build_cmake/zstd_zlibwrapper/../../zstd/lib","../Play-/deps/Dependencies/build_cmake/zstd_zlibwrapper/../../zstd/zlibWrapper","../Play-/deps/Dependencies/ghc_filesystem/include","$(inherited)");
				INSTALL_PATH = "";
				LIBRARY_STYLE = STATIC;
				ONLY_ACTIVE_ARCH = NO;
				OTHER_CPLUSPLUSFLAGS = "                -mios-version-min=12.2                -mios-version-min=12.2 -x objective-c++        -DNDEBUG '-std=gnu++17' ";
				OTHER_LIBTOOLFLAGS = ("");
				OTHER_REZFLAGS = "";
				PRODUCT_NAME = Framework_Vulkan;
				SECTORDER_FLAGS = "";
				
				USE_HEADERMAP = NO;
				WARNING_CFLAGS = ("$(inherited)");
			};
			name = RelWithDebInfo;
		};
		586B0D7AAD8C42D8A20B37BB /* Release */ = {
			isa = XCBuildConfiguration;
			buildSettings = {
				ARCHS = arm64;
				CLANG_CXX_LIBRARY = "libc++";
				CODE_SIGNING_ALLOWED = NO;
				CODE_SIGNING_REQUIRED = NO;
				CODE_SIGN_IDENTITY = "";
				DEVELOPMENT_TEAM = XXXXXXXXXX;
				IPHONEOS_DEPLOYMENT_TARGET = 12.2;
				PROVISIONING_PROFILE_SPECIFIER = "iOS Team Provisioning Profile: *";
				SDKROOT = iphoneos;
				SWIFT_COMPILATION_MODE = wholemodule;
				SWIFT_VERSION = 4.0;
				BUILD_DIR = ../lib;
			};
			name = Release;
		};
		698D8600CB734E05891B5B51 /* MinSizeRel */ = {
			isa = XCBuildConfiguration;
			buildSettings = {
				ALWAYS_SEARCH_USER_PATHS = NO;
				COMBINE_HIDPI_IMAGES = YES;
				GCC_GENERATE_DEBUGGING_SYMBOLS = YES;
				GCC_INLINES_ARE_PRIVATE_EXTERN = NO;
				GCC_OPTIMIZATION_LEVEL = 0;
				GCC_PREPROCESSOR_DEFINITIONS = ("'CMAKE_INTDIR=\"$(CONFIGURATION)$(EFFECTIVE_PLATFORM_NAME)\"'","$(inherited)");
				GCC_SYMBOLS_PRIVATE_EXTERN = NO;
				INSTALL_PATH = "";
				OTHER_LDFLAGS = ("","$(inherited)");
				OTHER_REZFLAGS = "";
				PRODUCT_NAME = RUN_TESTS;
				SECTORDER_FLAGS = "";
				USE_HEADERMAP = NO;
				WARNING_CFLAGS = ("$(inherited)");
			};
			name = MinSizeRel;
		};
		6C3A3D6D6107482D90E1968E /* RelWithDebInfo */ = {
			isa = XCBuildConfiguration;
			buildSettings = {
				ALWAYS_SEARCH_USER_PATHS = NO;
				COMBINE_HIDPI_IMAGES = YES;
				GCC_GENERATE_DEBUGGING_SYMBOLS = YES;
				GCC_INLINES_ARE_PRIVATE_EXTERN = NO;
				GCC_OPTIMIZATION_LEVEL = 0;
				GCC_PREPROCESSOR_DEFINITIONS = ("'CMAKE_INTDIR=\"$(CONFIGURATION)$(EFFECTIVE_PLATFORM_NAME)\"'","$(inherited)");
				GCC_SYMBOLS_PRIVATE_EXTERN = NO;
				INSTALL_PATH = "";
				OTHER_LDFLAGS = ("","$(inherited)");
				OTHER_REZFLAGS = "";
				PRODUCT_NAME = ALL_BUILD;
				SECTORDER_FLAGS = "";
				USE_HEADERMAP = NO;
				WARNING_CFLAGS = ("$(inherited)");
			};
			name = RelWithDebInfo;
		};
		6C630E3BFD4748A99B6C46FE /* Debug */ = {
			isa = XCBuildConfiguration;
			buildSettings = {
				ALWAYS_SEARCH_USER_PATHS = NO;
				COMBINE_HIDPI_IMAGES = YES;
				GCC_GENERATE_DEBUGGING_SYMBOLS = YES;
				GCC_INLINES_ARE_PRIVATE_EXTERN = NO;
				GCC_OPTIMIZATION_LEVEL = 0;
				GCC_PREPROCESSOR_DEFINITIONS = ("'CMAKE_INTDIR=\"$(CONFIGURATION)$(EFFECTIVE_PLATFORM_NAME)\"'","$(inherited)");
				GCC_SYMBOLS_PRIVATE_EXTERN = NO;
				INSTALL_PATH = "";
				OTHER_LDFLAGS = ("","$(inherited)");
				OTHER_REZFLAGS = "";
				PRODUCT_NAME = ZERO_CHECK;
				SECTORDER_FLAGS = "";
				USE_HEADERMAP = NO;
				WARNING_CFLAGS = ("$(inherited)");
			};
			name = Debug;
		};
		7F23A54FAA80469D92120424 /* Debug */ = {
			isa = XCBuildConfiguration;
			buildSettings = {
				ALWAYS_SEARCH_USER_PATHS = NO;
				ARCHS = arm64;
				CLANG_CXX_LIBRARY = "libc++";
				COMBINE_HIDPI_IMAGES = YES;
				
				EXECUTABLE_PREFIX = lib;
				EXECUTABLE_SUFFIX = .a;
				GCC_GENERATE_DEBUGGING_SYMBOLS = YES;
				GCC_INLINES_ARE_PRIVATE_EXTERN = NO;
				GCC_OPTIMIZATION_LEVEL = 0;
				GCC_PREPROCESSOR_DEFINITIONS = ("'CMAKE_INTDIR=\"$(CONFIGURATION)$(EFFECTIVE_PLATFORM_NAME)\"'","'PLAY_VERSION=\"0.30\"'",ZWRAP_USE_ZSTD,"$(inherited)");
				GCC_SYMBOLS_PRIVATE_EXTERN = NO;
				HEADER_SEARCH_PATHS = ("../Play-/deps/Framework/build_cmake/FrameworkVulkan/../../include",../../../MoltenVK/MoltenVK/MoltenVK/include,"../Play-/deps/Framework/build_cmake/Framework/../../include","../Play-/deps/Dependencies/build_cmake/zstd_zlibwrapper/../../zstd/lib","../Play-/deps/Dependencies/build_cmake/zstd_zlibwrapper/../../zstd/zlibWrapper","../Play-/deps/Dependencies/ghc_filesystem/include","$(inherited)");
				INSTALL_PATH = "";
				LIBRARY_STYLE = STATIC;
				ONLY_ACTIVE_ARCH = NO;
				OTHER_CPLUSPLUSFLAGS = "                -mios-version-min=12.2                -mios-version-min=12.2 -x objective-c++    -D_DEBUG -D_DEBUG '-std=gnu++17' ";
				OTHER_LIBTOOLFLAGS = ("");
				OTHER_REZFLAGS = "";
				PRODUCT_NAME = Framework_Vulkan;
				SECTORDER_FLAGS = "";
				
				USE_HEADERMAP = NO;
				WARNING_CFLAGS = ("$(inherited)");
			};
			name = Debug;
		};
		881DA31140544EE0AAF6D9ED /* MinSizeRel */ = {
			isa = XCBuildConfiguration;
			buildSettings = {
				ALWAYS_SEARCH_USER_PATHS = NO;
				COMBINE_HIDPI_IMAGES = YES;
				GCC_GENERATE_DEBUGGING_SYMBOLS = YES;
				GCC_INLINES_ARE_PRIVATE_EXTERN = NO;
				GCC_OPTIMIZATION_LEVEL = 0;
				GCC_PREPROCESSOR_DEFINITIONS = ("'CMAKE_INTDIR=\"$(CONFIGURATION)$(EFFECTIVE_PLATFORM_NAME)\"'","$(inherited)");
				GCC_SYMBOLS_PRIVATE_EXTERN = NO;
				INSTALL_PATH = "";
				OTHER_LDFLAGS = ("","$(inherited)");
				OTHER_REZFLAGS = "";
				PRODUCT_NAME = ALL_BUILD;
				SECTORDER_FLAGS = "";
				USE_HEADERMAP = NO;
				WARNING_CFLAGS = ("$(inherited)");
			};
			name = MinSizeRel;
		};
		8E918F53F44D43C2B9A9C1C6 /* MinSizeRel */ = {
			isa = XCBuildConfiguration;
			buildSettings = {
				ALWAYS_SEARCH_USER_PATHS = NO;
				ARCHS = arm64;
				CLANG_CXX_LIBRARY = "libc++";
				COMBINE_HIDPI_IMAGES = YES;
				
				EXECUTABLE_PREFIX = lib;
				EXECUTABLE_SUFFIX = .a;
				GCC_GENERATE_DEBUGGING_SYMBOLS = NO;
				GCC_INLINES_ARE_PRIVATE_EXTERN = NO;
				GCC_OPTIMIZATION_LEVEL = s;
				GCC_PREPROCESSOR_DEFINITIONS = ("'CMAKE_INTDIR=\"$(CONFIGURATION)$(EFFECTIVE_PLATFORM_NAME)\"'","'PLAY_VERSION=\"0.30\"'",ZWRAP_USE_ZSTD,"$(inherited)");
				GCC_SYMBOLS_PRIVATE_EXTERN = NO;
				HEADER_SEARCH_PATHS = ("../Play-/deps/Framework/build_cmake/FrameworkVulkan/../../include",../../../MoltenVK/MoltenVK/MoltenVK/include,"../Play-/deps/Framework/build_cmake/Framework/../../include","../Play-/deps/Dependencies/build_cmake/zstd_zlibwrapper/../../zstd/lib","../Play-/deps/Dependencies/build_cmake/zstd_zlibwrapper/../../zstd/zlibWrapper","../Play-/deps/Dependencies/ghc_filesystem/include","$(inherited)");
				INSTALL_PATH = "";
				LIBRARY_STYLE = STATIC;
				ONLY_ACTIVE_ARCH = NO;
				OTHER_CPLUSPLUSFLAGS = "                -mios-version-min=12.2                -mios-version-min=12.2 -x objective-c++     -DNDEBUG '-std=gnu++17' ";
				OTHER_LIBTOOLFLAGS = ("");
				OTHER_REZFLAGS = "";
				PRODUCT_NAME = Framework_Vulkan;
				SECTORDER_FLAGS = "";
				
				USE_HEADERMAP = NO;
				WARNING_CFLAGS = ("$(inherited)");
			};
			name = MinSizeRel;
		};
		8FDA59F8DB2E474BB7B7F1B3 /* Release */ = {
			isa = XCBuildConfiguration;
			buildSettings = {
				ALWAYS_SEARCH_USER_PATHS = NO;
				COMBINE_HIDPI_IMAGES = YES;
				GCC_GENERATE_DEBUGGING_SYMBOLS = YES;
				GCC_INLINES_ARE_PRIVATE_EXTERN = NO;
				GCC_OPTIMIZATION_LEVEL = 0;
				GCC_PREPROCESSOR_DEFINITIONS = ("'CMAKE_INTDIR=\"$(CONFIGURATION)$(EFFECTIVE_PLATFORM_NAME)\"'","$(inherited)");
				GCC_SYMBOLS_PRIVATE_EXTERN = NO;
				INSTALL_PATH = "";
				OTHER_LDFLAGS = ("","$(inherited)");
				OTHER_REZFLAGS = "";
				PRODUCT_NAME = ZERO_CHECK;
				SECTORDER_FLAGS = "";
				USE_HEADERMAP = NO;
				WARNING_CFLAGS = ("$(inherited)");
			};
			name = Release;
		};
		912B712255444A6D835EA00A /* Debug */ = {
			isa = XCBuildConfiguration;
			buildSettings = {
				ALWAYS_SEARCH_USER_PATHS = NO;
				COMBINE_HIDPI_IMAGES = YES;
				GCC_GENERATE_DEBUGGING_SYMBOLS = YES;
				GCC_INLINES_ARE_PRIVATE_EXTERN = NO;
				GCC_OPTIMIZATION_LEVEL = 0;
				GCC_PREPROCESSOR_DEFINITIONS = ("'CMAKE_INTDIR=\"$(CONFIGURATION)$(EFFECTIVE_PLATFORM_NAME)\"'","$(inherited)");
				GCC_SYMBOLS_PRIVATE_EXTERN = NO;
				INSTALL_PATH = "";
				OTHER_LDFLAGS = ("","$(inherited)");
				OTHER_REZFLAGS = "";
				PRODUCT_NAME = RUN_TESTS;
				SECTORDER_FLAGS = "";
				USE_HEADERMAP = NO;
				WARNING_CFLAGS = ("$(inherited)");
			};
			name = Debug;
		};
		A63B850D547B418F9BF21366 /* MinSizeRel */ = {
			isa = XCBuildConfiguration;
			buildSettings = {
				ALWAYS_SEARCH_USER_PATHS = NO;
				COMBINE_HIDPI_IMAGES = YES;
				GCC_GENERATE_DEBUGGING_SYMBOLS = YES;
				GCC_INLINES_ARE_PRIVATE_EXTERN = NO;
				GCC_OPTIMIZATION_LEVEL = 0;
				GCC_PREPROCESSOR_DEFINITIONS = ("'CMAKE_INTDIR=\"$(CONFIGURATION)$(EFFECTIVE_PLATFORM_NAME)\"'","$(inherited)");
				GCC_SYMBOLS_PRIVATE_EXTERN = NO;
				INSTALL_PATH = "";
				OTHER_LDFLAGS = ("","$(inherited)");
				OTHER_REZFLAGS = "";
				PRODUCT_NAME = package;
				SECTORDER_FLAGS = "";
				USE_HEADERMAP = NO;
				WARNING_CFLAGS = ("$(inherited)");
			};
			name = MinSizeRel;
		};
		A978FB520C1048059B31A643 /* RelWithDebInfo */ = {
			isa = XCBuildConfiguration;
			buildSettings = {
				ALWAYS_SEARCH_USER_PATHS = NO;
				COMBINE_HIDPI_IMAGES = YES;
				GCC_GENERATE_DEBUGGING_SYMBOLS = YES;
				GCC_INLINES_ARE_PRIVATE_EXTERN = NO;
				GCC_OPTIMIZATION_LEVEL = 0;
				GCC_PREPROCESSOR_DEFINITIONS = ("'CMAKE_INTDIR=\"$(CONFIGURATION)$(EFFECTIVE_PLATFORM_NAME)\"'","$(inherited)");
				GCC_SYMBOLS_PRIVATE_EXTERN = NO;
				INSTALL_PATH = "";
				OTHER_LDFLAGS = ("","$(inherited)");
				OTHER_REZFLAGS = "";
				PRODUCT_NAME = install;
				SECTORDER_FLAGS = "";
				USE_HEADERMAP = NO;
				WARNING_CFLAGS = ("$(inherited)");
			};
			name = RelWithDebInfo;
		};
		C98DD6F458724632BD76C48C /* MinSizeRel */ = {
			isa = XCBuildConfiguration;
			buildSettings = {
				ALWAYS_SEARCH_USER_PATHS = NO;
				COMBINE_HIDPI_IMAGES = YES;
				GCC_GENERATE_DEBUGGING_SYMBOLS = YES;
				GCC_INLINES_ARE_PRIVATE_EXTERN = NO;
				GCC_OPTIMIZATION_LEVEL = 0;
				GCC_PREPROCESSOR_DEFINITIONS = ("'CMAKE_INTDIR=\"$(CONFIGURATION)$(EFFECTIVE_PLATFORM_NAME)\"'","$(inherited)");
				GCC_SYMBOLS_PRIVATE_EXTERN = NO;
				INSTALL_PATH = "";
				OTHER_LDFLAGS = ("","$(inherited)");
				OTHER_REZFLAGS = "";
				PRODUCT_NAME = ZERO_CHECK;
				SECTORDER_FLAGS = "";
				USE_HEADERMAP = NO;
				WARNING_CFLAGS = ("$(inherited)");
			};
			name = MinSizeRel;
		};
		D3AFAAC193C946C08618C5DC /* RelWithDebInfo */ = {
			isa = XCBuildConfiguration;
			buildSettings = {
				ARCHS = arm64;
				CLANG_CXX_LIBRARY = "libc++";
				CODE_SIGNING_ALLOWED = NO;
				CODE_SIGNING_REQUIRED = NO;
				CODE_SIGN_IDENTITY = "";
				DEVELOPMENT_TEAM = XXXXXXXXXX;
				IPHONEOS_DEPLOYMENT_TARGET = 12.2;
				PROVISIONING_PROFILE_SPECIFIER = "iOS Team Provisioning Profile: *";
				SDKROOT = iphoneos;
				SWIFT_COMPILATION_MODE = wholemodule;
				SWIFT_VERSION = 4.0;
				BUILD_DIR = ../lib;
			};
			name = RelWithDebInfo;
		};
		D6C75EA187A349BC9F8B2B2D /* RelWithDebInfo */ = {
			isa = XCBuildConfiguration;
			buildSettings = {
				ALWAYS_SEARCH_USER_PATHS = NO;
				COMBINE_HIDPI_IMAGES = YES;
				GCC_GENERATE_DEBUGGING_SYMBOLS = YES;
				GCC_INLINES_ARE_PRIVATE_EXTERN = NO;
				GCC_OPTIMIZATION_LEVEL = 0;
				GCC_PREPROCESSOR_DEFINITIONS = ("'CMAKE_INTDIR=\"$(CONFIGURATION)$(EFFECTIVE_PLATFORM_NAME)\"'","$(inherited)");
				GCC_SYMBOLS_PRIVATE_EXTERN = NO;
				INSTALL_PATH = "";
				OTHER_LDFLAGS = ("","$(inherited)");
				OTHER_REZFLAGS = "";
				PRODUCT_NAME = package;
				SECTORDER_FLAGS = "";
				USE_HEADERMAP = NO;
				WARNING_CFLAGS = ("$(inherited)");
			};
			name = RelWithDebInfo;
		};
		F6576FC2838241CE9E79C08D /* MinSizeRel */ = {
			isa = XCBuildConfiguration;
			buildSettings = {
				ARCHS = arm64;
				CLANG_CXX_LIBRARY = "libc++";
				CODE_SIGNING_ALLOWED = NO;
				CODE_SIGNING_REQUIRED = NO;
				CODE_SIGN_IDENTITY = "";
				DEVELOPMENT_TEAM = XXXXXXXXXX;
				IPHONEOS_DEPLOYMENT_TARGET = 12.2;
				PROVISIONING_PROFILE_SPECIFIER = "iOS Team Provisioning Profile: *";
				SDKROOT = iphoneos;
				SWIFT_COMPILATION_MODE = wholemodule;
				SWIFT_VERSION = 4.0;
				BUILD_DIR = ../lib;
			};
			name = MinSizeRel;
		};
		F9B91CAB60E240EDB7687FC2 /* Debug */ = {
			isa = XCBuildConfiguration;
			buildSettings = {
				ALWAYS_SEARCH_USER_PATHS = NO;
				COMBINE_HIDPI_IMAGES = YES;
				GCC_GENERATE_DEBUGGING_SYMBOLS = YES;
				GCC_INLINES_ARE_PRIVATE_EXTERN = NO;
				GCC_OPTIMIZATION_LEVEL = 0;
				GCC_PREPROCESSOR_DEFINITIONS = ("'CMAKE_INTDIR=\"$(CONFIGURATION)$(EFFECTIVE_PLATFORM_NAME)\"'","$(inherited)");
				GCC_SYMBOLS_PRIVATE_EXTERN = NO;
				INSTALL_PATH = "";
				OTHER_LDFLAGS = ("","$(inherited)");
				OTHER_REZFLAGS = "";
				PRODUCT_NAME = install;
				SECTORDER_FLAGS = "";
				USE_HEADERMAP = NO;
				WARNING_CFLAGS = ("$(inherited)");
			};
			name = Debug;
		};
		FADDE851AFD54976A7874AC9 /* Release */ = {
			isa = XCBuildConfiguration;
			buildSettings = {
				ALWAYS_SEARCH_USER_PATHS = NO;
				COMBINE_HIDPI_IMAGES = YES;
				GCC_GENERATE_DEBUGGING_SYMBOLS = YES;
				GCC_INLINES_ARE_PRIVATE_EXTERN = NO;
				GCC_OPTIMIZATION_LEVEL = 0;
				GCC_PREPROCESSOR_DEFINITIONS = ("'CMAKE_INTDIR=\"$(CONFIGURATION)$(EFFECTIVE_PLATFORM_NAME)\"'","$(inherited)");
				GCC_SYMBOLS_PRIVATE_EXTERN = NO;
				INSTALL_PATH = "";
				OTHER_LDFLAGS = ("","$(inherited)");
				OTHER_REZFLAGS = "";
				PRODUCT_NAME = ALL_BUILD;
				SECTORDER_FLAGS = "";
				USE_HEADERMAP = NO;
				WARNING_CFLAGS = ("$(inherited)");
			};
			name = Release;
		};
		FF0FAB4046E7418EA0F3472B /* RelWithDebInfo */ = {
			isa = XCBuildConfiguration;
			buildSettings = {
				ALWAYS_SEARCH_USER_PATHS = NO;
				COMBINE_HIDPI_IMAGES = YES;
				GCC_GENERATE_DEBUGGING_SYMBOLS = YES;
				GCC_INLINES_ARE_PRIVATE_EXTERN = NO;
				GCC_OPTIMIZATION_LEVEL = 0;
				GCC_PREPROCESSOR_DEFINITIONS = ("'CMAKE_INTDIR=\"$(CONFIGURATION)$(EFFECTIVE_PLATFORM_NAME)\"'","$(inherited)");
				GCC_SYMBOLS_PRIVATE_EXTERN = NO;
				INSTALL_PATH = "";
				OTHER_LDFLAGS = ("","$(inherited)");
				OTHER_REZFLAGS = "";
				PRODUCT_NAME = ZERO_CHECK;
				SECTORDER_FLAGS = "";
				USE_HEADERMAP = NO;
				WARNING_CFLAGS = ("$(inherited)");
			};
			name = RelWithDebInfo;
		};
/* End XCBuildConfiguration section */

/* Begin XCConfigurationList section */
		13F4B1A0B6BA4D18AE139847 /* Build configuration list for PBXNativeTarget "Framework_Vulkan" */ = {
			isa = XCConfigurationList;
			buildConfigurations = (
				7F23A54FAA80469D92120424 /* Debug */,
				3DFE1DFE1CBC4709812A5C7B /* Release */,
				8E918F53F44D43C2B9A9C1C6 /* MinSizeRel */,
				5727F4FFCE694881AAC4B8A8 /* RelWithDebInfo */,
			);
			defaultConfigurationIsVisible = 0;
			defaultConfigurationName = Debug;
		};
		22DA8131732343EA9FC73978 /* Build configuration list for PBXAggregateTarget "RUN_TESTS" */ = {
			isa = XCConfigurationList;
			buildConfigurations = (
				912B712255444A6D835EA00A /* Debug */,
				4829EB5F09DA48968C80DE49 /* Release */,
				698D8600CB734E05891B5B51 /* MinSizeRel */,
				098FE46590804D7492BFA9C7 /* RelWithDebInfo */,
			);
			defaultConfigurationIsVisible = 0;
			defaultConfigurationName = Debug;
		};
		26C03B50DDFF4A2E8B3628E3 /* Build configuration list for PBXProject "Framework_Vulkan" */ = {
			isa = XCConfigurationList;
			buildConfigurations = (
				2C738F71EB184ADEA4859BED /* Debug */,
				586B0D7AAD8C42D8A20B37BB /* Release */,
				F6576FC2838241CE9E79C08D /* MinSizeRel */,
				D3AFAAC193C946C08618C5DC /* RelWithDebInfo */,
			);
			defaultConfigurationIsVisible = 0;
			defaultConfigurationName = Debug;
		};
		509AAB9F40144B06A7786FA7 /* Build configuration list for PBXAggregateTarget "install" */ = {
			isa = XCConfigurationList;
			buildConfigurations = (
				F9B91CAB60E240EDB7687FC2 /* Debug */,
				226E1E2D01474CD4979A70FD /* Release */,
				27C781DCA16B463683FB6F6D /* MinSizeRel */,
				A978FB520C1048059B31A643 /* RelWithDebInfo */,
			);
			defaultConfigurationIsVisible = 0;
			defaultConfigurationName = Debug;
		};
		69641F1D258342EABC7A52DE /* Build configuration list for PBXAggregateTarget "package" */ = {
			isa = XCConfigurationList;
			buildConfigurations = (
				21ADBD767FD6430497D1F553 /* Debug */,
				01BA3D14A667418698D75ECF /* Release */,
				A63B850D547B418F9BF21366 /* MinSizeRel */,
				D6C75EA187A349BC9F8B2B2D /* RelWithDebInfo */,
			);
			defaultConfigurationIsVisible = 0;
			defaultConfigurationName = Debug;
		};
		9DC61721E93B409588D80803 /* Build configuration list for PBXAggregateTarget "ZERO_CHECK" */ = {
			isa = XCConfigurationList;
			buildConfigurations = (
				6C630E3BFD4748A99B6C46FE /* Debug */,
				8FDA59F8DB2E474BB7B7F1B3 /* Release */,
				C98DD6F458724632BD76C48C /* MinSizeRel */,
				FF0FAB4046E7418EA0F3472B /* RelWithDebInfo */,
			);
			defaultConfigurationIsVisible = 0;
			defaultConfigurationName = Debug;
		};
		E4C65464B3C44700A245588D /* Build configuration list for PBXAggregateTarget "ALL_BUILD" */ = {
			isa = XCConfigurationList;
			buildConfigurations = (
				1472F65B22D24FE28B8D827F /* Debug */,
				FADDE851AFD54976A7874AC9 /* Release */,
				881DA31140544EE0AAF6D9ED /* MinSizeRel */,
				6C3A3D6D6107482D90E1968E /* RelWithDebInfo */,
			);
			defaultConfigurationIsVisible = 0;
			defaultConfigurationName = Debug;
		};
/* End XCConfigurationList section */
	};
	rootObject = EF009B7941174FE5A011B8B8 /* Project object */;
}
