// !$*UTF8*$!
{
	archiveVersion = 1;
	classes = {
	};
	objectVersion = 46;
	objects = {

/* Begin PBXAggregateTarget section */
		0285C8420FCC45EA8D71FBC5 /* install */ = {
			isa = PBXAggregateTarget;
			buildConfigurationList = 080B288404CF47C282A8CFAA /* Build configuration list for PBXAggregateTarget "install" */;
			buildPhases = (
				93426DA6A4AC2C2AC9CE883C /* CMake PostBuild Rules */,
			);
			dependencies = (
				DB6B6777B924414EA3EA22F1 /* PBXTargetDependency */,
			);
			name = install;
			productName = install;
		};
		3EBABC1ED902418AB5132579 /* ZERO_CHECK */ = {
			isa = PBXAggregateTarget;
			buildConfigurationList = 0C03D1EED101439AA7B7BA97 /* Build configuration list for PBXAggregateTarget "ZERO_CHECK" */;
			buildPhases = (
				24CB9618629D22FC77A7A0F8 /* Generate CMakeFiles/ZERO_CHECK */,
			);
			dependencies = (
			);
			name = ZERO_CHECK;
			productName = ZERO_CHECK;
		};
		6B9C69E5DB214681B2A5C976 /* ALL_BUILD */ = {
			isa = PBXAggregateTarget;
			buildConfigurationList = C5A6313DFD6D4F0289A85FC4 /* Build configuration list for PBXAggregateTarget "ALL_BUILD" */;
			buildPhases = (
				3942EA9A3D11CF06DEBDAAD8 /* Generate CMakeFiles/ALL_BUILD */,
			);
			dependencies = (
				534477AB74604A1D93AA1183 /* PBXTargetDependency */,
				4E5BFAF59E08406584EEBC98 /* PBXTargetDependency */,
			);
			name = ALL_BUILD;
			productName = ALL_BUILD;
		};
		B7A566E4767340588D653807 /* RUN_TESTS */ = {
			isa = PBXAggregateTarget;
			buildConfigurationList = DD97BA1A00824B4089107847 /* Build configuration list for PBXAggregateTarget "RUN_TESTS" */;
			buildPhases = (
				003C8D08B0008F35F218E126 /* CMake PostBuild Rules */,
			);
			dependencies = (
			);
			name = RUN_TESTS;
			productName = RUN_TESTS;
		};
/* End PBXAggregateTarget section */

/* Begin PBXBuildFile section */
		03A1D18C56C34A9B90DA1A99 /* /Users/jmattiello/Workspace/Provenance/Cores/Play/Play-/deps/Framework/include/http/HttpClient.h */ = {isa = PBXBuildFile; fileRef = 66ED26590F124EBBBAE27B8A /* /Users/jmattiello/Workspace/Provenance/Cores/Play/Play-/deps/Framework/include/http/HttpClient.h */; };
		7199C9B1040D4E2696044663 /* /Users/jmattiello/Workspace/Provenance/Cores/Play/Play-/deps/Framework/build_cmake/FrameworkHttp/CMakeLists.txt */ = {isa = PBXBuildFile; fileRef = 2E2A859D74FC4719BA8B50EF /* /Users/jmattiello/Workspace/Provenance/Cores/Play/Play-/deps/Framework/build_cmake/FrameworkHttp/CMakeLists.txt */; };
		9E79D9856FF4411EACFA2DC9 /* /Users/jmattiello/Workspace/Provenance/Cores/Play/Play-/deps/Framework/include/http/HttpClientFactory.h */ = {isa = PBXBuildFile; fileRef = CB0091473F2B4D9EB49B235A /* /Users/jmattiello/Workspace/Provenance/Cores/Play/Play-/deps/Framework/include/http/HttpClientFactory.h */; };
		B03A933B6CC948D99136C83E /* /Users/jmattiello/Workspace/Provenance/Cores/Play/cmake/Source/ui_ios/Source/FrameworkAmazon/FrameworkHttp/CMakeFiles/Framework_Http.dir/Info.plist */ = {isa = PBXBuildFile; fileRef = 238A4AE544D34D449D6F5BE4 /* /Users/jmattiello/Workspace/Provenance/Cores/Play/cmake/Source/ui_ios/Source/FrameworkAmazon/FrameworkHttp/CMakeFiles/Framework_Http.dir/Info.plist */; };
		B96247D666D74670A133ADE3 /* /Users/jmattiello/Workspace/Provenance/Cores/Play/Play-/deps/Framework/src/http/HttpClient.cpp */ = {isa = PBXBuildFile; fileRef = 97D1B25F50784E5EBF01F17C /* /Users/jmattiello/Workspace/Provenance/Cores/Play/Play-/deps/Framework/src/http/HttpClient.cpp */; };
		D3FC9F84AD234706B5C2F58F /* /Users/jmattiello/Workspace/Provenance/Cores/Play/Play-/deps/Framework/include/http/AppleHttpClient.h */ = {isa = PBXBuildFile; fileRef = 0D7F1576BD184CED99E2970C /* /Users/jmattiello/Workspace/Provenance/Cores/Play/Play-/deps/Framework/include/http/AppleHttpClient.h */; };
		EDE5947D4B5D4DB38F3970CB /* /Users/jmattiello/Workspace/Provenance/Cores/Play/Play-/deps/Framework/src/http/AppleHttpClient.cpp */ = {isa = PBXBuildFile; fileRef = 131F1D26ADAC4B5FA3C22E05 /* /Users/jmattiello/Workspace/Provenance/Cores/Play/Play-/deps/Framework/src/http/AppleHttpClient.cpp */; };
		F1F3903C01A7489E980FBF66 /* /Users/jmattiello/Workspace/Provenance/Cores/Play/Play-/deps/Framework/src/http/HttpClientFactory.cpp */ = {isa = PBXBuildFile; fileRef = F9EBBEEF58CC4643A8D4AB90 /* /Users/jmattiello/Workspace/Provenance/Cores/Play/Play-/deps/Framework/src/http/HttpClientFactory.cpp */; };
/* End PBXBuildFile section */

/* Begin PBXBuildStyle section */
		4563AAD97A634617B99D8448 /* Release */ = {
			isa = PBXBuildStyle;
			buildSettings = {
				COPY_PHASE_STRIP = NO;
			};
			name = Release;
		};
		9ACE9033B3DA445AA78EC7B1 /* Debug */ = {
			isa = PBXBuildStyle;
			buildSettings = {
				COPY_PHASE_STRIP = NO;
			};
			name = Debug;
		};
		B6C7F8B87D4E4D449223C3F2 /* RelWithDebInfo */ = {
			isa = PBXBuildStyle;
			buildSettings = {
				COPY_PHASE_STRIP = NO;
			};
			name = RelWithDebInfo;
		};
		FAB495496902470D90344FAE /* MinSizeRel */ = {
			isa = PBXBuildStyle;
			buildSettings = {
				COPY_PHASE_STRIP = NO;
			};
			name = MinSizeRel;
		};
/* End PBXBuildStyle section */

/* Begin PBXContainerItemProxy section */
		4854E8C8A06D492891BDB3B7 /* PBXContainerItemProxy */ = {
			isa = PBXContainerItemProxy;
			containerPortal = 632AADF4BBE74F0FBF95927D /* Project object */;
			proxyType = 1;
			remoteGlobalIDString = 3EBABC1ED902418AB5132579;
			remoteInfo = ZERO_CHECK;
		};
		58C3696E63BB4F80A1955CA6 /* PBXContainerItemProxy */ = {
			isa = PBXContainerItemProxy;
			containerPortal = 632AADF4BBE74F0FBF95927D /* Project object */;
			proxyType = 1;
			remoteGlobalIDString = 7CFD24AE86FC4EA98CE691F1;
			remoteInfo = Framework_Http;
		};
		96B22C24728A466CB7E93294 /* PBXContainerItemProxy */ = {
			isa = PBXContainerItemProxy;
			containerPortal = 632AADF4BBE74F0FBF95927D /* Project object */;
			proxyType = 1;
			remoteGlobalIDString = 3EBABC1ED902418AB5132579;
			remoteInfo = ZERO_CHECK;
		};
		9930472D2B02445CA4F0C409 /* PBXContainerItemProxy */ = {
			isa = PBXContainerItemProxy;
			containerPortal = 632AADF4BBE74F0FBF95927D /* Project object */;
			proxyType = 1;
			remoteGlobalIDString = 6B9C69E5DB214681B2A5C976;
			remoteInfo = ALL_BUILD;
		};
/* End PBXContainerItemProxy section */

/* Begin PBXFileReference section */
		0D7F1576BD184CED99E2970C /* /Users/jmattiello/Workspace/Provenance/Cores/Play/Play-/deps/Framework/include/http/AppleHttpClient.h */ = {isa = PBXFileReference; explicitFileType = sourcecode.c.h; fileEncoding = 4; name = AppleHttpClient.h; path = ../../include/http/AppleHttpClient.h; sourceTree = SOURCE_ROOT; };
		131F1D26ADAC4B5FA3C22E05 /* /Users/jmattiello/Workspace/Provenance/Cores/Play/Play-/deps/Framework/src/http/AppleHttpClient.cpp */ = {isa = PBXFileReference; explicitFileType = sourcecode.cpp.cpp; fileEncoding = 4; name = AppleHttpClient.cpp; path = ../../src/http/AppleHttpClient.cpp; sourceTree = SOURCE_ROOT; };
		238A4AE544D34D449D6F5BE4 /* /Users/jmattiello/Workspace/Provenance/Cores/Play/cmake/Source/ui_ios/Source/FrameworkAmazon/FrameworkHttp/CMakeFiles/Framework_Http.dir/Info.plist */ = {isa = PBXFileReference; explicitFileType = sourcecode.text.plist; fileEncoding = 4; name = Info.plist; path = ../../../../../cmake/Source/ui_ios/Source/FrameworkAmazon/FrameworkHttp/CMakeFiles/Framework_Http.dir/Info.plist; sourceTree = SOURCE_ROOT; };
		2E2A859D74FC4719BA8B50EF /* /Users/jmattiello/Workspace/Provenance/Cores/Play/Play-/deps/Framework/build_cmake/FrameworkHttp/CMakeLists.txt */ = {isa = PBXFileReference; explicitFileType = sourcecode.text; fileEncoding = 4; name = CMakeLists.txt; path = CMakeLists.txt; sourceTree = SOURCE_ROOT; };
		3DE9EDE237E446B0921695F3 /* /Users/jmattiello/Workspace/Provenance/Cores/Play/Play-/deps/Framework/build_cmake/FrameworkHttp/CMakeLists.txt */ = {isa = PBXFileReference; explicitFileType = sourcecode.text; fileEncoding = 4; name = CMakeLists.txt; path = CMakeLists.txt; sourceTree = SOURCE_ROOT; };
		66ED26590F124EBBBAE27B8A /* /Users/jmattiello/Workspace/Provenance/Cores/Play/Play-/deps/Framework/include/http/HttpClient.h */ = {isa = PBXFileReference; explicitFileType = sourcecode.c.h; fileEncoding = 4; name = HttpClient.h; path = ../../include/http/HttpClient.h; sourceTree = SOURCE_ROOT; };
		97D1B25F50784E5EBF01F17C /* /Users/jmattiello/Workspace/Provenance/Cores/Play/Play-/deps/Framework/src/http/HttpClient.cpp */ = {isa = PBXFileReference; explicitFileType = sourcecode.cpp.cpp; fileEncoding = 4; name = HttpClient.cpp; path = ../../src/http/HttpClient.cpp; sourceTree = SOURCE_ROOT; };
		BFCCA7637F7D4D2B8E7F1A36 /* Framework_Http */ = {isa = PBXFileReference; explicitFileType = archive.ar; path = libFramework_Http.a; sourceTree = BUILT_PRODUCTS_DIR; };
		CB0091473F2B4D9EB49B235A /* /Users/jmattiello/Workspace/Provenance/Cores/Play/Play-/deps/Framework/include/http/HttpClientFactory.h */ = {isa = PBXFileReference; explicitFileType = sourcecode.c.h; fileEncoding = 4; name = HttpClientFactory.h; path = ../../include/http/HttpClientFactory.h; sourceTree = SOURCE_ROOT; };
		F9EBBEEF58CC4643A8D4AB90 /* /Users/jmattiello/Workspace/Provenance/Cores/Play/Play-/deps/Framework/src/http/HttpClientFactory.cpp */ = {isa = PBXFileReference; explicitFileType = sourcecode.cpp.cpp; fileEncoding = 4; name = HttpClientFactory.cpp; path = ../../src/http/HttpClientFactory.cpp; sourceTree = SOURCE_ROOT; };
/* End PBXFileReference section */

/* Begin PBXFrameworksBuildPhase section */
		7AE4E1E3E36341BB993B887A /* Frameworks */ = {
			isa = PBXFrameworksBuildPhase;
			buildActionMask = 2147483647;
			files = (
			);
			runOnlyForDeploymentPostprocessing = 0;
		};
/* End PBXFrameworksBuildPhase section */

/* Begin PBXGroup section */
		28811A7D35C2487A8F1F6D18 /* ALL_BUILD */ = {
			isa = PBXGroup;
			children = (
				66720F04A8B841299B74A991 /* CMake Rules */,
				3DE9EDE237E446B0921695F3 /* /Users/jmattiello/Workspace/Provenance/Cores/Play/Play-/deps/Framework/build_cmake/FrameworkHttp/CMakeLists.txt */,
			);
			name = ALL_BUILD;
			sourceTree = "<group>";
		};
		346AD2CF096E40ABBD56AEB9 /* Products */ = {
			isa = PBXGroup;
			children = (
				BFCCA7637F7D4D2B8E7F1A36 /* Framework_Http */,
			);
			name = Products;
			sourceTree = "<group>";
		};
		3B568CDB21DF466EADAA8B75 /* Header Files */ = {
			isa = PBXGroup;
			children = (
				0D7F1576BD184CED99E2970C /* /Users/jmattiello/Workspace/Provenance/Cores/Play/Play-/deps/Framework/include/http/AppleHttpClient.h */,
				66ED26590F124EBBBAE27B8A /* /Users/jmattiello/Workspace/Provenance/Cores/Play/Play-/deps/Framework/include/http/HttpClient.h */,
				CB0091473F2B4D9EB49B235A /* /Users/jmattiello/Workspace/Provenance/Cores/Play/Play-/deps/Framework/include/http/HttpClientFactory.h */,
			);
			name = "Header Files";
			sourceTree = "<group>";
		};
		66720F04A8B841299B74A991 /* CMake Rules */ = {
			isa = PBXGroup;
			children = (
			);
			name = "CMake Rules";
			sourceTree = "<group>";
		};
		6AB7FE09C582450B91887A15 /* Source Files */ = {
			isa = PBXGroup;
			children = (
				131F1D26ADAC4B5FA3C22E05 /* /Users/jmattiello/Workspace/Provenance/Cores/Play/Play-/deps/Framework/src/http/AppleHttpClient.cpp */,
				97D1B25F50784E5EBF01F17C /* /Users/jmattiello/Workspace/Provenance/Cores/Play/Play-/deps/Framework/src/http/HttpClient.cpp */,
				F9EBBEEF58CC4643A8D4AB90 /* /Users/jmattiello/Workspace/Provenance/Cores/Play/Play-/deps/Framework/src/http/HttpClientFactory.cpp */,
			);
			name = "Source Files";
			sourceTree = "<group>";
		};
		919FC0D7F1A74F7F896E5E4F /* Framework_Http */ = {
			isa = PBXGroup;
			children = (
				6AB7FE09C582450B91887A15 /* Source Files */,
				3B568CDB21DF466EADAA8B75 /* Header Files */,
				C60426C7EAE146F1A24BC38A /* Resources */,
				2E2A859D74FC4719BA8B50EF /* /Users/jmattiello/Workspace/Provenance/Cores/Play/Play-/deps/Framework/build_cmake/FrameworkHttp/CMakeLists.txt */,
			);
			name = Framework_Http;
			sourceTree = "<group>";
		};
		A174A33B43614F788660B0E0 /* Frameworks */ = {
			isa = PBXGroup;
			children = (
			);
			name = Frameworks;
			sourceTree = "<group>";
		};
		C60426C7EAE146F1A24BC38A /* Resources */ = {
			isa = PBXGroup;
			children = (
				238A4AE544D34D449D6F5BE4 /* /Users/jmattiello/Workspace/Provenance/Cores/Play/cmake/Source/ui_ios/Source/FrameworkAmazon/FrameworkHttp/CMakeFiles/Framework_Http.dir/Info.plist */,
			);
			name = Resources;
			sourceTree = "<group>";
		};
		CBA4371A6FCF42679C692548 = {
			isa = PBXGroup;
			children = (
				919FC0D7F1A74F7F896E5E4F /* Framework_Http */,
				28811A7D35C2487A8F1F6D18 /* ALL_BUILD */,
				346AD2CF096E40ABBD56AEB9 /* Products */,
				A174A33B43614F788660B0E0 /* Frameworks */,
			);
			sourceTree = "<group>";
		};
/* End PBXGroup section */

/* Begin PBXNativeTarget section */
		7CFD24AE86FC4EA98CE691F1 /* Framework_Http */ = {
			isa = PBXNativeTarget;
			buildConfigurationList = 585384C722B8409BB23334DB /* Build configuration list for PBXNativeTarget "Framework_Http" */;
			buildPhases = (
				B9654D0ACCF14701882F85A1 /* Sources */,
				7AE4E1E3E36341BB993B887A /* Frameworks */,
			);
			buildRules = (
			);
			dependencies = (
				8B289D983EA04A53B4904F92 /* PBXTargetDependency */,
			);
			name = Framework_Http;
			productName = Framework_Http;
			productReference = BFCCA7637F7D4D2B8E7F1A36 /* Framework_Http */;
			productType = "com.apple.product-type.library.static";
		};
/* End PBXNativeTarget section */

/* Begin PBXProject section */
		632AADF4BBE74F0FBF95927D /* Project object */ = {
			isa = PBXProject;
			attributes = {
				BuildIndependentTargetsInParallel = YES;
				LastUpgradeCheck = 1300;
			};
			buildConfigurationList = F16BB7A49BC343D588B6C456 /* Build configuration list for PBXProject "Framework_Http" */;
			buildSettings = {
			};
			buildStyles = (
				9ACE9033B3DA445AA78EC7B1 /* Debug */,
				4563AAD97A634617B99D8448 /* Release */,
				FAB495496902470D90344FAE /* MinSizeRel */,
				B6C7F8B87D4E4D449223C3F2 /* RelWithDebInfo */,
			);
			compatibilityVersion = "Xcode 3.2";
			hasScannedForEncodings = 0;
			mainGroup = CBA4371A6FCF42679C692548;
			projectDirPath = "/Users/jmattiello/Workspace/Provenance/Cores/Play/Play-/deps/Framework/build_cmake/FrameworkHttp";
			projectRoot = "";
			targets = (
				6B9C69E5DB214681B2A5C976 /* ALL_BUILD */,
				7CFD24AE86FC4EA98CE691F1 /* Framework_Http */,
				B7A566E4767340588D653807 /* RUN_TESTS */,
				3EBABC1ED902418AB5132579 /* ZERO_CHECK */,
				0285C8420FCC45EA8D71FBC5 /* install */,
			);
		};
/* End PBXProject section */

/* Begin PBXShellScriptBuildPhase section */
		003C8D08B0008F35F218E126 /* CMake PostBuild Rules */ = {
			isa = PBXShellScriptBuildPhase;
			alwaysOutOfDate = 1;
			buildActionMask = 2147483647;
			files = (
			);
			name = "CMake PostBuild Rules";
			outputPaths = (
			);
			runOnlyForDeploymentPostprocessing = 0;
			shellPath = /bin/sh;
			shellScript = "set -e
if test \"$CONFIGURATION\" = \"Debug\"; then :
  cd /Users/jmattiello/Workspace/Provenance/Cores/Play/cmake/Source/ui_ios/Source/FrameworkAmazon/FrameworkHttp
  /usr/local/Cellar/cmake/3.21.1/bin/ctest --force-new-ctest-process -C $CONFIGURATION$EFFECTIVE_PLATFORM_NAME
fi
if test \"$CONFIGURATION\" = \"Release\"; then :
  cd /Users/jmattiello/Workspace/Provenance/Cores/Play/cmake/Source/ui_ios/Source/FrameworkAmazon/FrameworkHttp
  /usr/local/Cellar/cmake/3.21.1/bin/ctest --force-new-ctest-process -C $CONFIGURATION$EFFECTIVE_PLATFORM_NAME
fi
if test \"$CONFIGURATION\" = \"MinSizeRel\"; then :
  cd /Users/jmattiello/Workspace/Provenance/Cores/Play/cmake/Source/ui_ios/Source/FrameworkAmazon/FrameworkHttp
  /usr/local/Cellar/cmake/3.21.1/bin/ctest --force-new-ctest-process -C $CONFIGURATION$EFFECTIVE_PLATFORM_NAME
fi
if test \"$CONFIGURATION\" = \"RelWithDebInfo\"; then :
  cd /Users/jmattiello/Workspace/Provenance/Cores/Play/cmake/Source/ui_ios/Source/FrameworkAmazon/FrameworkHttp
  /usr/local/Cellar/cmake/3.21.1/bin/ctest --force-new-ctest-process -C $CONFIGURATION$EFFECTIVE_PLATFORM_NAME
fi
";
			showEnvVarsInLog = 0;
		};
		24CB9618629D22FC77A7A0F8 /* Generate CMakeFiles/ZERO_CHECK */ = {
			isa = PBXShellScriptBuildPhase;
			alwaysOutOfDate = 1;
			buildActionMask = 2147483647;
			files = (
			);
			inputPaths = (
			);
			name = "Generate CMakeFiles/ZERO_CHECK";
			outputPaths = (
/Users/jmattiello/Workspace/Provenance/Cores/Play/cmake/Source/ui_ios/Source/FrameworkAmazon/FrameworkHttp/CMakeFiles/ZERO_CHECK			);
			runOnlyForDeploymentPostprocessing = 0;
			shellPath = /bin/sh;
			shellScript = "set -e
if test \"$CONFIGURATION\" = \"Debug\"; then :
  cd /Users/jmattiello/Workspace/Provenance/Cores/Play/cmake/Source/ui_ios/Source/FrameworkAmazon/FrameworkHttp
  make -f /Users/jmattiello/Workspace/Provenance/Cores/Play/cmake/Source/ui_ios/Source/FrameworkAmazon/FrameworkHttp/CMakeScripts/ReRunCMake.make
fi
if test \"$CONFIGURATION\" = \"Release\"; then :
  cd /Users/jmattiello/Workspace/Provenance/Cores/Play/cmake/Source/ui_ios/Source/FrameworkAmazon/FrameworkHttp
  make -f /Users/jmattiello/Workspace/Provenance/Cores/Play/cmake/Source/ui_ios/Source/FrameworkAmazon/FrameworkHttp/CMakeScripts/ReRunCMake.make
fi
if test \"$CONFIGURATION\" = \"MinSizeRel\"; then :
  cd /Users/jmattiello/Workspace/Provenance/Cores/Play/cmake/Source/ui_ios/Source/FrameworkAmazon/FrameworkHttp
  make -f /Users/jmattiello/Workspace/Provenance/Cores/Play/cmake/Source/ui_ios/Source/FrameworkAmazon/FrameworkHttp/CMakeScripts/ReRunCMake.make
fi
if test \"$CONFIGURATION\" = \"RelWithDebInfo\"; then :
  cd /Users/jmattiello/Workspace/Provenance/Cores/Play/cmake/Source/ui_ios/Source/FrameworkAmazon/FrameworkHttp
  make -f /Users/jmattiello/Workspace/Provenance/Cores/Play/cmake/Source/ui_ios/Source/FrameworkAmazon/FrameworkHttp/CMakeScripts/ReRunCMake.make
fi
";
			showEnvVarsInLog = 0;
		};
		3942EA9A3D11CF06DEBDAAD8 /* Generate CMakeFiles/ALL_BUILD */ = {
			isa = PBXShellScriptBuildPhase;
			alwaysOutOfDate = 1;
			buildActionMask = 2147483647;
			files = (
			);
			inputPaths = (
			);
			name = "Generate CMakeFiles/ALL_BUILD";
			outputPaths = (
/Users/jmattiello/Workspace/Provenance/Cores/Play/cmake/Source/ui_ios/Source/FrameworkAmazon/FrameworkHttp/CMakeFiles/ALL_BUILD			);
			runOnlyForDeploymentPostprocessing = 0;
			shellPath = /bin/sh;
			shellScript = "set -e
if test \"$CONFIGURATION\" = \"Debug\"; then :
  cd /Users/jmattiello/Workspace/Provenance/Cores/Play/cmake/Source/ui_ios/Source/FrameworkAmazon/FrameworkHttp
  echo Build\\ all\\ projects
fi
if test \"$CONFIGURATION\" = \"Release\"; then :
  cd /Users/jmattiello/Workspace/Provenance/Cores/Play/cmake/Source/ui_ios/Source/FrameworkAmazon/FrameworkHttp
  echo Build\\ all\\ projects
fi
if test \"$CONFIGURATION\" = \"MinSizeRel\"; then :
  cd /Users/jmattiello/Workspace/Provenance/Cores/Play/cmake/Source/ui_ios/Source/FrameworkAmazon/FrameworkHttp
  echo Build\\ all\\ projects
fi
if test \"$CONFIGURATION\" = \"RelWithDebInfo\"; then :
  cd /Users/jmattiello/Workspace/Provenance/Cores/Play/cmake/Source/ui_ios/Source/FrameworkAmazon/FrameworkHttp
  echo Build\\ all\\ projects
fi
";
			showEnvVarsInLog = 0;
		};
		3C0110FC8322DE7E50886E21 = {
			isa = PBXShellScriptBuildPhase;
			buildActionMask = 2147483647;
			files = (
			);
			inputPaths = (
			);
			outputPaths = (
			);
			runOnlyForDeploymentPostprocessing = 0;
			shellPath = /bin/sh;
			shellScript = "# shell script goes here
exit 0";
			showEnvVarsInLog = 0;
		};
		87AF4882E018677E2624B544 = {
			isa = PBXShellScriptBuildPhase;
			buildActionMask = 2147483647;
			files = (
			);
			inputPaths = (
			);
			outputPaths = (
			);
			runOnlyForDeploymentPostprocessing = 0;
			shellPath = /bin/sh;
			shellScript = "# shell script goes here
exit 0";
			showEnvVarsInLog = 0;
		};
		910A41151295C5F9742C25BD = {
			isa = PBXShellScriptBuildPhase;
			buildActionMask = 2147483647;
			files = (
			);
			inputPaths = (
			);
			outputPaths = (
			);
			runOnlyForDeploymentPostprocessing = 0;
			shellPath = /bin/sh;
			shellScript = "# shell script goes here
exit 0";
			showEnvVarsInLog = 0;
		};
		93426DA6A4AC2C2AC9CE883C /* CMake PostBuild Rules */ = {
			isa = PBXShellScriptBuildPhase;
			alwaysOutOfDate = 1;
			buildActionMask = 2147483647;
			files = (
			);
			name = "CMake PostBuild Rules";
			outputPaths = (
			);
			runOnlyForDeploymentPostprocessing = 0;
			shellPath = /bin/sh;
			shellScript = "set -e
if test \"$CONFIGURATION\" = \"Debug\"; then :
  cd /Users/jmattiello/Workspace/Provenance/Cores/Play/cmake/Source/ui_ios/Source/FrameworkAmazon/FrameworkHttp
  /usr/local/Cellar/cmake/3.21.1/bin/cmake -DBUILD_TYPE=$CONFIGURATION -DEFFECTIVE_PLATFORM_NAME=$EFFECTIVE_PLATFORM_NAME -P cmake_install.cmake
fi
if test \"$CONFIGURATION\" = \"Release\"; then :
  cd /Users/jmattiello/Workspace/Provenance/Cores/Play/cmake/Source/ui_ios/Source/FrameworkAmazon/FrameworkHttp
  /usr/local/Cellar/cmake/3.21.1/bin/cmake -DBUILD_TYPE=$CONFIGURATION -DEFFECTIVE_PLATFORM_NAME=$EFFECTIVE_PLATFORM_NAME -P cmake_install.cmake
fi
if test \"$CONFIGURATION\" = \"MinSizeRel\"; then :
  cd /Users/jmattiello/Workspace/Provenance/Cores/Play/cmake/Source/ui_ios/Source/FrameworkAmazon/FrameworkHttp
  /usr/local/Cellar/cmake/3.21.1/bin/cmake -DBUILD_TYPE=$CONFIGURATION -DEFFECTIVE_PLATFORM_NAME=$EFFECTIVE_PLATFORM_NAME -P cmake_install.cmake
fi
if test \"$CONFIGURATION\" = \"RelWithDebInfo\"; then :
  cd /Users/jmattiello/Workspace/Provenance/Cores/Play/cmake/Source/ui_ios/Source/FrameworkAmazon/FrameworkHttp
  /usr/local/Cellar/cmake/3.21.1/bin/cmake -DBUILD_TYPE=$CONFIGURATION -DEFFECTIVE_PLATFORM_NAME=$EFFECTIVE_PLATFORM_NAME -P cmake_install.cmake
fi
";
			showEnvVarsInLog = 0;
		};
		9B50530E35CC49C82C2FACCF = {
			isa = PBXShellScriptBuildPhase;
			buildActionMask = 2147483647;
			files = (
			);
			inputPaths = (
			);
			outputPaths = (
			);
			runOnlyForDeploymentPostprocessing = 0;
			shellPath = /bin/sh;
			shellScript = "# shell script goes here
exit 0";
			showEnvVarsInLog = 0;
		};
/* End PBXShellScriptBuildPhase section */

/* Begin PBXSourcesBuildPhase section */
		B9654D0ACCF14701882F85A1 /* Sources */ = {
			isa = PBXSourcesBuildPhase;
			buildActionMask = 2147483647;
			files = (
				EDE5947D4B5D4DB38F3970CB /* /Users/jmattiello/Workspace/Provenance/Cores/Play/Play-/deps/Framework/src/http/AppleHttpClient.cpp */,
				B96247D666D74670A133ADE3 /* /Users/jmattiello/Workspace/Provenance/Cores/Play/Play-/deps/Framework/src/http/HttpClient.cpp */,
				F1F3903C01A7489E980FBF66 /* /Users/jmattiello/Workspace/Provenance/Cores/Play/Play-/deps/Framework/src/http/HttpClientFactory.cpp */,
			);
			runOnlyForDeploymentPostprocessing = 0;
		};
/* End PBXSourcesBuildPhase section */

/* Begin PBXTargetDependency section */
		4E5BFAF59E08406584EEBC98 /* PBXTargetDependency */ = {
			isa = PBXTargetDependency;
			target = 3EBABC1ED902418AB5132579 /* ZERO_CHECK */;
			targetProxy = 96B22C24728A466CB7E93294 /* PBXContainerItemProxy */;
		};
		534477AB74604A1D93AA1183 /* PBXTargetDependency */ = {
			isa = PBXTargetDependency;
			target = 7CFD24AE86FC4EA98CE691F1 /* Framework_Http */;
			targetProxy = 58C3696E63BB4F80A1955CA6 /* PBXContainerItemProxy */;
		};
		8B289D983EA04A53B4904F92 /* PBXTargetDependency */ = {
			isa = PBXTargetDependency;
			target = 3EBABC1ED902418AB5132579 /* ZERO_CHECK */;
			targetProxy = 4854E8C8A06D492891BDB3B7 /* PBXContainerItemProxy */;
		};
		DB6B6777B924414EA3EA22F1 /* PBXTargetDependency */ = {
			isa = PBXTargetDependency;
			target = 6B9C69E5DB214681B2A5C976 /* ALL_BUILD */;
			targetProxy = 9930472D2B02445CA4F0C409 /* PBXContainerItemProxy */;
		};
/* End PBXTargetDependency section */

/* Begin XCBuildConfiguration section */
		0F8BBECE0F774B5FAAE579AF /* Debug */ = {
			isa = XCBuildConfiguration;
			buildSettings = {
				ARCHS = arm64;
				CLANG_CXX_LIBRARY = "libc++";
				COMBINE_HIDPI_IMAGES = YES;
				EXECUTABLE_PREFIX = lib;
				EXECUTABLE_SUFFIX = .a;
				GCC_GENERATE_DEBUGGING_SYMBOLS = YES;
				GCC_INLINES_ARE_PRIVATE_EXTERN = NO;
				GCC_OPTIMIZATION_LEVEL = 0;
				GCC_PREPROCESSOR_DEFINITIONS = ("'CMAKE_INTDIR=\"$(CONFIGURATION)$(EFFECTIVE_PLATFORM_NAME)\"'","'PLAY_VERSION=\"1.3-2331-g0b8742f68\"'","$(inherited)");
				GCC_SYMBOLS_PRIVATE_EXTERN = NO;
				HEADER_SEARCH_PATHS = ("/Users/jmattiello/Workspace/Provenance/Cores/Play/Play-/deps/Framework/build_cmake/FrameworkHttp/../../include","/Users/jmattiello/Workspace/Provenance/Cores/Play/Play-/deps/Framework/build_cmake/Framework/../../include","/Users/jmattiello/Workspace/Provenance/Cores/Play/Play-/deps/Dependencies/ghc_filesystem/include","$(inherited)");
				INSTALL_PATH = "";
				LIBRARY_STYLE = STATIC;
				ONLY_ACTIVE_ARCH = NO;
				OTHER_CPLUSPLUSFLAGS = "                -mios-version-min=11.0                -mios-version-min=11.0 -x objective-c++ -x objective-c++    -D_DEBUG -D_DEBUG -D_DEBUG '-std=gnu++17' ";
				OTHER_LIBTOOLFLAGS = ("");
				OTHER_REZFLAGS = "";
				PRODUCT_NAME = Framework_Http;
				SECTORDER_FLAGS = "";
				SYMROOT = /Users/jmattiello/Workspace/Provenance/Cores/Play/cmake/Source/ui_ios/Source/FrameworkAmazon/FrameworkHttp;
				USE_HEADERMAP = NO;
				WARNING_CFLAGS = ("$(inherited)");
			};
			name = Debug;
		};
		34373C8B57994F52B60683C0 /* MinSizeRel */ = {
			isa = XCBuildConfiguration;
			buildSettings = {
				COMBINE_HIDPI_IMAGES = YES;
				GCC_GENERATE_DEBUGGING_SYMBOLS = YES;
				GCC_INLINES_ARE_PRIVATE_EXTERN = NO;
				GCC_OPTIMIZATION_LEVEL = 0;
				GCC_PREPROCESSOR_DEFINITIONS = ("'CMAKE_INTDIR=\"$(CONFIGURATION)$(EFFECTIVE_PLATFORM_NAME)\"'","$(inherited)");
				GCC_SYMBOLS_PRIVATE_EXTERN = NO;
				INSTALL_PATH = "";
				OTHER_LDFLAGS = ("","$(inherited)");
				OTHER_REZFLAGS = "";
				PRODUCT_NAME = ALL_BUILD;
				SECTORDER_FLAGS = "";
				SYMROOT = /Users/jmattiello/Workspace/Provenance/Cores/Play/cmake/Source/ui_ios/Source/FrameworkAmazon/FrameworkHttp;
				USE_HEADERMAP = NO;
				WARNING_CFLAGS = ("$(inherited)");
			};
			name = MinSizeRel;
		};
		5FD88E8A3F374B6497E90D57 /* RelWithDebInfo */ = {
			isa = XCBuildConfiguration;
			buildSettings = {
				COMBINE_HIDPI_IMAGES = YES;
				GCC_GENERATE_DEBUGGING_SYMBOLS = YES;
				GCC_INLINES_ARE_PRIVATE_EXTERN = NO;
				GCC_OPTIMIZATION_LEVEL = 0;
				GCC_PREPROCESSOR_DEFINITIONS = ("'CMAKE_INTDIR=\"$(CONFIGURATION)$(EFFECTIVE_PLATFORM_NAME)\"'","$(inherited)");
				GCC_SYMBOLS_PRIVATE_EXTERN = NO;
				INSTALL_PATH = "";
				OTHER_LDFLAGS = ("","$(inherited)");
				OTHER_REZFLAGS = "";
				PRODUCT_NAME = ALL_BUILD;
				SECTORDER_FLAGS = "";
				SYMROOT = /Users/jmattiello/Workspace/Provenance/Cores/Play/cmake/Source/ui_ios/Source/FrameworkAmazon/FrameworkHttp;
				USE_HEADERMAP = NO;
				WARNING_CFLAGS = ("$(inherited)");
			};
			name = RelWithDebInfo;
		};
		67520BED193C4023922EFB4A /* Debug */ = {
			isa = XCBuildConfiguration;
			buildSettings = {
				COMBINE_HIDPI_IMAGES = YES;
				GCC_GENERATE_DEBUGGING_SYMBOLS = YES;
				GCC_INLINES_ARE_PRIVATE_EXTERN = NO;
				GCC_OPTIMIZATION_LEVEL = 0;
				GCC_PREPROCESSOR_DEFINITIONS = ("'CMAKE_INTDIR=\"$(CONFIGURATION)$(EFFECTIVE_PLATFORM_NAME)\"'","$(inherited)");
				GCC_SYMBOLS_PRIVATE_EXTERN = NO;
				INSTALL_PATH = "";
				OTHER_LDFLAGS = ("","$(inherited)");
				OTHER_REZFLAGS = "";
				PRODUCT_NAME = ZERO_CHECK;
				SECTORDER_FLAGS = "";
				SYMROOT = /Users/jmattiello/Workspace/Provenance/Cores/Play/cmake/Source/ui_ios/Source/FrameworkAmazon/FrameworkHttp;
				USE_HEADERMAP = NO;
				WARNING_CFLAGS = ("$(inherited)");
			};
			name = Debug;
		};
		6D8B15BF7DBA4A4991D1218E /* RelWithDebInfo */ = {
			isa = XCBuildConfiguration;
			buildSettings = {
				COMBINE_HIDPI_IMAGES = YES;
				GCC_GENERATE_DEBUGGING_SYMBOLS = YES;
				GCC_INLINES_ARE_PRIVATE_EXTERN = NO;
				GCC_OPTIMIZATION_LEVEL = 0;
				GCC_PREPROCESSOR_DEFINITIONS = ("'CMAKE_INTDIR=\"$(CONFIGURATION)$(EFFECTIVE_PLATFORM_NAME)\"'","$(inherited)");
				GCC_SYMBOLS_PRIVATE_EXTERN = NO;
				INSTALL_PATH = "";
				OTHER_LDFLAGS = ("","$(inherited)");
				OTHER_REZFLAGS = "";
				PRODUCT_NAME = install;
				SECTORDER_FLAGS = "";
				SYMROOT = /Users/jmattiello/Workspace/Provenance/Cores/Play/cmake/Source/ui_ios/Source/FrameworkAmazon/FrameworkHttp;
				USE_HEADERMAP = NO;
				WARNING_CFLAGS = ("$(inherited)");
			};
			name = RelWithDebInfo;
		};
		713F25BD1FA8499289F5F16B /* Release */ = {
			isa = XCBuildConfiguration;
			buildSettings = {
				ARCHS = arm64;
				CLANG_CXX_LIBRARY = "libc++";
				CODE_SIGNING_ALLOWED = NO;
				CODE_SIGNING_REQUIRED = NO;
				CODE_SIGN_IDENTITY = "";
				IPHONEOS_DEPLOYMENT_TARGET = 13.0;
				SDKROOT = /Applications/Xcode.app/Contents/Developer/Platforms/iPhoneOS.platform/Developer/SDKs/iPhoneOS15.0.sdk;
				SYMROOT = /Users/jmattiello/Workspace/Provenance/Cores/Play/cmake/Source/ui_ios/Source/FrameworkAmazon/FrameworkHttp/build;
			};
			name = Release;
		};
		788EB4766DFC41B1A8EFA0DA /* MinSizeRel */ = {
			isa = XCBuildConfiguration;
			buildSettings = {
				COMBINE_HIDPI_IMAGES = YES;
				GCC_GENERATE_DEBUGGING_SYMBOLS = YES;
				GCC_INLINES_ARE_PRIVATE_EXTERN = NO;
				GCC_OPTIMIZATION_LEVEL = 0;
				GCC_PREPROCESSOR_DEFINITIONS = ("'CMAKE_INTDIR=\"$(CONFIGURATION)$(EFFECTIVE_PLATFORM_NAME)\"'","$(inherited)");
				GCC_SYMBOLS_PRIVATE_EXTERN = NO;
				INSTALL_PATH = "";
				OTHER_LDFLAGS = ("","$(inherited)");
				OTHER_REZFLAGS = "";
				PRODUCT_NAME = ZERO_CHECK;
				SECTORDER_FLAGS = "";
				SYMROOT = /Users/jmattiello/Workspace/Provenance/Cores/Play/cmake/Source/ui_ios/Source/FrameworkAmazon/FrameworkHttp;
				USE_HEADERMAP = NO;
				WARNING_CFLAGS = ("$(inherited)");
			};
			name = MinSizeRel;
		};
		7EA9A18813F047A2A036C5D6 /* Debug */ = {
			isa = XCBuildConfiguration;
			buildSettings = {
				ARCHS = arm64;
				CLANG_CXX_LIBRARY = "libc++";
				CODE_SIGNING_ALLOWED = NO;
				CODE_SIGNING_REQUIRED = NO;
				CODE_SIGN_IDENTITY = "";
				IPHONEOS_DEPLOYMENT_TARGET = 13.0;
				SDKROOT = /Applications/Xcode.app/Contents/Developer/Platforms/iPhoneOS.platform/Developer/SDKs/iPhoneOS15.0.sdk;
				SYMROOT = /Users/jmattiello/Workspace/Provenance/Cores/Play/cmake/Source/ui_ios/Source/FrameworkAmazon/FrameworkHttp/build;
			};
			name = Debug;
		};
		814FA799CC794E2285F9588C /* Release */ = {
			isa = XCBuildConfiguration;
			buildSettings = {
				COMBINE_HIDPI_IMAGES = YES;
				GCC_GENERATE_DEBUGGING_SYMBOLS = YES;
				GCC_INLINES_ARE_PRIVATE_EXTERN = NO;
				GCC_OPTIMIZATION_LEVEL = 0;
				GCC_PREPROCESSOR_DEFINITIONS = ("'CMAKE_INTDIR=\"$(CONFIGURATION)$(EFFECTIVE_PLATFORM_NAME)\"'","$(inherited)");
				GCC_SYMBOLS_PRIVATE_EXTERN = NO;
				INSTALL_PATH = "";
				OTHER_LDFLAGS = ("","$(inherited)");
				OTHER_REZFLAGS = "";
				PRODUCT_NAME = ZERO_CHECK;
				SECTORDER_FLAGS = "";
				SYMROOT = /Users/jmattiello/Workspace/Provenance/Cores/Play/cmake/Source/ui_ios/Source/FrameworkAmazon/FrameworkHttp;
				USE_HEADERMAP = NO;
				WARNING_CFLAGS = ("$(inherited)");
			};
			name = Release;
		};
		839988C59F444C1FAB573E59 /* Debug */ = {
			isa = XCBuildConfiguration;
			buildSettings = {
				COMBINE_HIDPI_IMAGES = YES;
				GCC_GENERATE_DEBUGGING_SYMBOLS = YES;
				GCC_INLINES_ARE_PRIVATE_EXTERN = NO;
				GCC_OPTIMIZATION_LEVEL = 0;
				GCC_PREPROCESSOR_DEFINITIONS = ("'CMAKE_INTDIR=\"$(CONFIGURATION)$(EFFECTIVE_PLATFORM_NAME)\"'","$(inherited)");
				GCC_SYMBOLS_PRIVATE_EXTERN = NO;
				INSTALL_PATH = "";
				OTHER_LDFLAGS = ("","$(inherited)");
				OTHER_REZFLAGS = "";
				PRODUCT_NAME = RUN_TESTS;
				SECTORDER_FLAGS = "";
				SYMROOT = /Users/jmattiello/Workspace/Provenance/Cores/Play/cmake/Source/ui_ios/Source/FrameworkAmazon/FrameworkHttp;
				USE_HEADERMAP = NO;
				WARNING_CFLAGS = ("$(inherited)");
			};
			name = Debug;
		};
		92A1E836D8B34919B20FBB87 /* RelWithDebInfo */ = {
			isa = XCBuildConfiguration;
			buildSettings = {
				COMBINE_HIDPI_IMAGES = YES;
				GCC_GENERATE_DEBUGGING_SYMBOLS = YES;
				GCC_INLINES_ARE_PRIVATE_EXTERN = NO;
				GCC_OPTIMIZATION_LEVEL = 0;
				GCC_PREPROCESSOR_DEFINITIONS = ("'CMAKE_INTDIR=\"$(CONFIGURATION)$(EFFECTIVE_PLATFORM_NAME)\"'","$(inherited)");
				GCC_SYMBOLS_PRIVATE_EXTERN = NO;
				INSTALL_PATH = "";
				OTHER_LDFLAGS = ("","$(inherited)");
				OTHER_REZFLAGS = "";
				PRODUCT_NAME = RUN_TESTS;
				SECTORDER_FLAGS = "";
				SYMROOT = /Users/jmattiello/Workspace/Provenance/Cores/Play/cmake/Source/ui_ios/Source/FrameworkAmazon/FrameworkHttp;
				USE_HEADERMAP = NO;
				WARNING_CFLAGS = ("$(inherited)");
			};
			name = RelWithDebInfo;
		};
		A10B806DD305498696B622EB /* Release */ = {
			isa = XCBuildConfiguration;
			buildSettings = {
				COMBINE_HIDPI_IMAGES = YES;
				GCC_GENERATE_DEBUGGING_SYMBOLS = YES;
				GCC_INLINES_ARE_PRIVATE_EXTERN = NO;
				GCC_OPTIMIZATION_LEVEL = 0;
				GCC_PREPROCESSOR_DEFINITIONS = ("'CMAKE_INTDIR=\"$(CONFIGURATION)$(EFFECTIVE_PLATFORM_NAME)\"'","$(inherited)");
				GCC_SYMBOLS_PRIVATE_EXTERN = NO;
				INSTALL_PATH = "";
				OTHER_LDFLAGS = ("","$(inherited)");
				OTHER_REZFLAGS = "";
				PRODUCT_NAME = RUN_TESTS;
				SECTORDER_FLAGS = "";
				SYMROOT = /Users/jmattiello/Workspace/Provenance/Cores/Play/cmake/Source/ui_ios/Source/FrameworkAmazon/FrameworkHttp;
				USE_HEADERMAP = NO;
				WARNING_CFLAGS = ("$(inherited)");
			};
			name = Release;
		};
		A83E92D6BACA4C8DA2BA8E2B /* MinSizeRel */ = {
			isa = XCBuildConfiguration;
			buildSettings = {
				COMBINE_HIDPI_IMAGES = YES;
				GCC_GENERATE_DEBUGGING_SYMBOLS = YES;
				GCC_INLINES_ARE_PRIVATE_EXTERN = NO;
				GCC_OPTIMIZATION_LEVEL = 0;
				GCC_PREPROCESSOR_DEFINITIONS = ("'CMAKE_INTDIR=\"$(CONFIGURATION)$(EFFECTIVE_PLATFORM_NAME)\"'","$(inherited)");
				GCC_SYMBOLS_PRIVATE_EXTERN = NO;
				INSTALL_PATH = "";
				OTHER_LDFLAGS = ("","$(inherited)");
				OTHER_REZFLAGS = "";
				PRODUCT_NAME = install;
				SECTORDER_FLAGS = "";
				SYMROOT = /Users/jmattiello/Workspace/Provenance/Cores/Play/cmake/Source/ui_ios/Source/FrameworkAmazon/FrameworkHttp;
				USE_HEADERMAP = NO;
				WARNING_CFLAGS = ("$(inherited)");
			};
			name = MinSizeRel;
		};
		AEE3319F65F24E60BE2FFBDE /* MinSizeRel */ = {
			isa = XCBuildConfiguration;
			buildSettings = {
				ARCHS = arm64;
				CLANG_CXX_LIBRARY = "libc++";
				COMBINE_HIDPI_IMAGES = YES;
				EXECUTABLE_PREFIX = lib;
				EXECUTABLE_SUFFIX = .a;
				GCC_GENERATE_DEBUGGING_SYMBOLS = NO;
				GCC_INLINES_ARE_PRIVATE_EXTERN = NO;
				GCC_OPTIMIZATION_LEVEL = s;
				GCC_PREPROCESSOR_DEFINITIONS = ("'CMAKE_INTDIR=\"$(CONFIGURATION)$(EFFECTIVE_PLATFORM_NAME)\"'","'PLAY_VERSION=\"1.3-2331-g0b8742f68\"'","$(inherited)");
				GCC_SYMBOLS_PRIVATE_EXTERN = NO;
				HEADER_SEARCH_PATHS = ("/Users/jmattiello/Workspace/Provenance/Cores/Play/Play-/deps/Framework/build_cmake/FrameworkHttp/../../include","/Users/jmattiello/Workspace/Provenance/Cores/Play/Play-/deps/Framework/build_cmake/Framework/../../include","/Users/jmattiello/Workspace/Provenance/Cores/Play/Play-/deps/Dependencies/ghc_filesystem/include","$(inherited)");
				INSTALL_PATH = "";
				LIBRARY_STYLE = STATIC;
				ONLY_ACTIVE_ARCH = NO;
				OTHER_CPLUSPLUSFLAGS = "                -mios-version-min=11.0                -mios-version-min=11.0 -x objective-c++ -x objective-c++     -DNDEBUG '-std=gnu++17' ";
				OTHER_LIBTOOLFLAGS = ("");
				OTHER_REZFLAGS = "";
				PRODUCT_NAME = Framework_Http;
				SECTORDER_FLAGS = "";
				SYMROOT = /Users/jmattiello/Workspace/Provenance/Cores/Play/cmake/Source/ui_ios/Source/FrameworkAmazon/FrameworkHttp;
				USE_HEADERMAP = NO;
				WARNING_CFLAGS = ("$(inherited)");
			};
			name = MinSizeRel;
		};
		BC1AD1D2E4D445B29ADB6F31 /* RelWithDebInfo */ = {
			isa = XCBuildConfiguration;
			buildSettings = {
				ARCHS = arm64;
				CLANG_CXX_LIBRARY = "libc++";
				CODE_SIGNING_ALLOWED = NO;
				CODE_SIGNING_REQUIRED = NO;
				CODE_SIGN_IDENTITY = "";
				IPHONEOS_DEPLOYMENT_TARGET = 13.0;
				SDKROOT = /Applications/Xcode.app/Contents/Developer/Platforms/iPhoneOS.platform/Developer/SDKs/iPhoneOS15.0.sdk;
				SYMROOT = /Users/jmattiello/Workspace/Provenance/Cores/Play/cmake/Source/ui_ios/Source/FrameworkAmazon/FrameworkHttp/build;
			};
			name = RelWithDebInfo;
		};
		BC516A5DE81440A191C1EAB0 /* MinSizeRel */ = {
			isa = XCBuildConfiguration;
			buildSettings = {
				COMBINE_HIDPI_IMAGES = YES;
				GCC_GENERATE_DEBUGGING_SYMBOLS = YES;
				GCC_INLINES_ARE_PRIVATE_EXTERN = NO;
				GCC_OPTIMIZATION_LEVEL = 0;
				GCC_PREPROCESSOR_DEFINITIONS = ("'CMAKE_INTDIR=\"$(CONFIGURATION)$(EFFECTIVE_PLATFORM_NAME)\"'","$(inherited)");
				GCC_SYMBOLS_PRIVATE_EXTERN = NO;
				INSTALL_PATH = "";
				OTHER_LDFLAGS = ("","$(inherited)");
				OTHER_REZFLAGS = "";
				PRODUCT_NAME = RUN_TESTS;
				SECTORDER_FLAGS = "";
				SYMROOT = /Users/jmattiello/Workspace/Provenance/Cores/Play/cmake/Source/ui_ios/Source/FrameworkAmazon/FrameworkHttp;
				USE_HEADERMAP = NO;
				WARNING_CFLAGS = ("$(inherited)");
			};
			name = MinSizeRel;
		};
		C662951F9A6E4AC9B1CEB95B /* RelWithDebInfo */ = {
			isa = XCBuildConfiguration;
			buildSettings = {
				COMBINE_HIDPI_IMAGES = YES;
				GCC_GENERATE_DEBUGGING_SYMBOLS = YES;
				GCC_INLINES_ARE_PRIVATE_EXTERN = NO;
				GCC_OPTIMIZATION_LEVEL = 0;
				GCC_PREPROCESSOR_DEFINITIONS = ("'CMAKE_INTDIR=\"$(CONFIGURATION)$(EFFECTIVE_PLATFORM_NAME)\"'","$(inherited)");
				GCC_SYMBOLS_PRIVATE_EXTERN = NO;
				INSTALL_PATH = "";
				OTHER_LDFLAGS = ("","$(inherited)");
				OTHER_REZFLAGS = "";
				PRODUCT_NAME = ZERO_CHECK;
				SECTORDER_FLAGS = "";
				SYMROOT = /Users/jmattiello/Workspace/Provenance/Cores/Play/cmake/Source/ui_ios/Source/FrameworkAmazon/FrameworkHttp;
				USE_HEADERMAP = NO;
				WARNING_CFLAGS = ("$(inherited)");
			};
			name = RelWithDebInfo;
		};
		D1B5E2291A1A4F3EA0530BED /* Debug */ = {
			isa = XCBuildConfiguration;
			buildSettings = {
				COMBINE_HIDPI_IMAGES = YES;
				GCC_GENERATE_DEBUGGING_SYMBOLS = YES;
				GCC_INLINES_ARE_PRIVATE_EXTERN = NO;
				GCC_OPTIMIZATION_LEVEL = 0;
				GCC_PREPROCESSOR_DEFINITIONS = ("'CMAKE_INTDIR=\"$(CONFIGURATION)$(EFFECTIVE_PLATFORM_NAME)\"'","$(inherited)");
				GCC_SYMBOLS_PRIVATE_EXTERN = NO;
				INSTALL_PATH = "";
				OTHER_LDFLAGS = ("","$(inherited)");
				OTHER_REZFLAGS = "";
				PRODUCT_NAME = install;
				SECTORDER_FLAGS = "";
				SYMROOT = /Users/jmattiello/Workspace/Provenance/Cores/Play/cmake/Source/ui_ios/Source/FrameworkAmazon/FrameworkHttp;
				USE_HEADERMAP = NO;
				WARNING_CFLAGS = ("$(inherited)");
			};
			name = Debug;
		};
		DCB5322E1B634C2BAEBFA6EA /* Release */ = {
			isa = XCBuildConfiguration;
			buildSettings = {
				ARCHS = arm64;
				CLANG_CXX_LIBRARY = "libc++";
				COMBINE_HIDPI_IMAGES = YES;
				EXECUTABLE_PREFIX = lib;
				EXECUTABLE_SUFFIX = .a;
				GCC_GENERATE_DEBUGGING_SYMBOLS = NO;
				GCC_INLINES_ARE_PRIVATE_EXTERN = NO;
				GCC_OPTIMIZATION_LEVEL = 3;
				GCC_PREPROCESSOR_DEFINITIONS = ("'CMAKE_INTDIR=\"$(CONFIGURATION)$(EFFECTIVE_PLATFORM_NAME)\"'","'PLAY_VERSION=\"1.3-2331-g0b8742f68\"'","$(inherited)");
				GCC_SYMBOLS_PRIVATE_EXTERN = NO;
				HEADER_SEARCH_PATHS = ("/Users/jmattiello/Workspace/Provenance/Cores/Play/Play-/deps/Framework/build_cmake/FrameworkHttp/../../include","/Users/jmattiello/Workspace/Provenance/Cores/Play/Play-/deps/Framework/build_cmake/Framework/../../include","/Users/jmattiello/Workspace/Provenance/Cores/Play/Play-/deps/Dependencies/ghc_filesystem/include","$(inherited)");
				INSTALL_PATH = "";
				LIBRARY_STYLE = STATIC;
				ONLY_ACTIVE_ARCH = NO;
				OTHER_CPLUSPLUSFLAGS = "                -mios-version-min=11.0                -mios-version-min=11.0 -x objective-c++ -x objective-c++     -DNDEBUG -DNDEBUG -DNDEBUG -DNDEBUG '-std=gnu++17' ";
				OTHER_LIBTOOLFLAGS = ("");
				OTHER_REZFLAGS = "";
				PRODUCT_NAME = Framework_Http;
				SECTORDER_FLAGS = "";
				SYMROOT = /Users/jmattiello/Workspace/Provenance/Cores/Play/cmake/Source/ui_ios/Source/FrameworkAmazon/FrameworkHttp;
				USE_HEADERMAP = NO;
				WARNING_CFLAGS = ("$(inherited)");
			};
			name = Release;
		};
		DD0439E65E6C450EAC79A4E4 /* RelWithDebInfo */ = {
			isa = XCBuildConfiguration;
			buildSettings = {
				ARCHS = arm64;
				CLANG_CXX_LIBRARY = "libc++";
				COMBINE_HIDPI_IMAGES = YES;
				EXECUTABLE_PREFIX = lib;
				EXECUTABLE_SUFFIX = .a;
				GCC_GENERATE_DEBUGGING_SYMBOLS = YES;
				GCC_INLINES_ARE_PRIVATE_EXTERN = NO;
				GCC_OPTIMIZATION_LEVEL = 2;
				GCC_PREPROCESSOR_DEFINITIONS = ("'CMAKE_INTDIR=\"$(CONFIGURATION)$(EFFECTIVE_PLATFORM_NAME)\"'","'PLAY_VERSION=\"1.3-2331-g0b8742f68\"'","$(inherited)");
				GCC_SYMBOLS_PRIVATE_EXTERN = NO;
				HEADER_SEARCH_PATHS = ("/Users/jmattiello/Workspace/Provenance/Cores/Play/Play-/deps/Framework/build_cmake/FrameworkHttp/../../include","/Users/jmattiello/Workspace/Provenance/Cores/Play/Play-/deps/Framework/build_cmake/Framework/../../include","/Users/jmattiello/Workspace/Provenance/Cores/Play/Play-/deps/Dependencies/ghc_filesystem/include","$(inherited)");
				INSTALL_PATH = "";
				LIBRARY_STYLE = STATIC;
				ONLY_ACTIVE_ARCH = NO;
				OTHER_CPLUSPLUSFLAGS = "                -mios-version-min=11.0                -mios-version-min=11.0 -x objective-c++ -x objective-c++        -DNDEBUG '-std=gnu++17' ";
				OTHER_LIBTOOLFLAGS = ("");
				OTHER_REZFLAGS = "";
				PRODUCT_NAME = Framework_Http;
				SECTORDER_FLAGS = "";
				SYMROOT = /Users/jmattiello/Workspace/Provenance/Cores/Play/cmake/Source/ui_ios/Source/FrameworkAmazon/FrameworkHttp;
				USE_HEADERMAP = NO;
				WARNING_CFLAGS = ("$(inherited)");
			};
			name = RelWithDebInfo;
		};
		DD0B79BCB45B464FB85F88CE /* MinSizeRel */ = {
			isa = XCBuildConfiguration;
			buildSettings = {
				ARCHS = arm64;
				CLANG_CXX_LIBRARY = "libc++";
				CODE_SIGNING_ALLOWED = NO;
				CODE_SIGNING_REQUIRED = NO;
				CODE_SIGN_IDENTITY = "";
				IPHONEOS_DEPLOYMENT_TARGET = 13.0;
				SDKROOT = /Applications/Xcode.app/Contents/Developer/Platforms/iPhoneOS.platform/Developer/SDKs/iPhoneOS15.0.sdk;
				SYMROOT = /Users/jmattiello/Workspace/Provenance/Cores/Play/cmake/Source/ui_ios/Source/FrameworkAmazon/FrameworkHttp/build;
			};
			name = MinSizeRel;
		};
		E4C62B8E76D24C928CE7A8C0 /* Debug */ = {
			isa = XCBuildConfiguration;
			buildSettings = {
				COMBINE_HIDPI_IMAGES = YES;
				GCC_GENERATE_DEBUGGING_SYMBOLS = YES;
				GCC_INLINES_ARE_PRIVATE_EXTERN = NO;
				GCC_OPTIMIZATION_LEVEL = 0;
				GCC_PREPROCESSOR_DEFINITIONS = ("'CMAKE_INTDIR=\"$(CONFIGURATION)$(EFFECTIVE_PLATFORM_NAME)\"'","$(inherited)");
				GCC_SYMBOLS_PRIVATE_EXTERN = NO;
				INSTALL_PATH = "";
				OTHER_LDFLAGS = ("","$(inherited)");
				OTHER_REZFLAGS = "";
				PRODUCT_NAME = ALL_BUILD;
				SECTORDER_FLAGS = "";
				SYMROOT = /Users/jmattiello/Workspace/Provenance/Cores/Play/cmake/Source/ui_ios/Source/FrameworkAmazon/FrameworkHttp;
				USE_HEADERMAP = NO;
				WARNING_CFLAGS = ("$(inherited)");
			};
			name = Debug;
		};
		EB087BE110B747F385F69BDA /* Release */ = {
			isa = XCBuildConfiguration;
			buildSettings = {
				COMBINE_HIDPI_IMAGES = YES;
				GCC_GENERATE_DEBUGGING_SYMBOLS = YES;
				GCC_INLINES_ARE_PRIVATE_EXTERN = NO;
				GCC_OPTIMIZATION_LEVEL = 0;
				GCC_PREPROCESSOR_DEFINITIONS = ("'CMAKE_INTDIR=\"$(CONFIGURATION)$(EFFECTIVE_PLATFORM_NAME)\"'","$(inherited)");
				GCC_SYMBOLS_PRIVATE_EXTERN = NO;
				INSTALL_PATH = "";
				OTHER_LDFLAGS = ("","$(inherited)");
				OTHER_REZFLAGS = "";
				PRODUCT_NAME = ALL_BUILD;
				SECTORDER_FLAGS = "";
				SYMROOT = /Users/jmattiello/Workspace/Provenance/Cores/Play/cmake/Source/ui_ios/Source/FrameworkAmazon/FrameworkHttp;
				USE_HEADERMAP = NO;
				WARNING_CFLAGS = ("$(inherited)");
			};
			name = Release;
		};
		F15120EB6C034488BC94A6F9 /* Release */ = {
			isa = XCBuildConfiguration;
			buildSettings = {
				COMBINE_HIDPI_IMAGES = YES;
				GCC_GENERATE_DEBUGGING_SYMBOLS = YES;
				GCC_INLINES_ARE_PRIVATE_EXTERN = NO;
				GCC_OPTIMIZATION_LEVEL = 0;
				GCC_PREPROCESSOR_DEFINITIONS = ("'CMAKE_INTDIR=\"$(CONFIGURATION)$(EFFECTIVE_PLATFORM_NAME)\"'","$(inherited)");
				GCC_SYMBOLS_PRIVATE_EXTERN = NO;
				INSTALL_PATH = "";
				OTHER_LDFLAGS = ("","$(inherited)");
				OTHER_REZFLAGS = "";
				PRODUCT_NAME = install;
				SECTORDER_FLAGS = "";
				SYMROOT = /Users/jmattiello/Workspace/Provenance/Cores/Play/cmake/Source/ui_ios/Source/FrameworkAmazon/FrameworkHttp;
				USE_HEADERMAP = NO;
				WARNING_CFLAGS = ("$(inherited)");
			};
			name = Release;
		};
/* End XCBuildConfiguration section */

/* Begin XCConfigurationList section */
		080B288404CF47C282A8CFAA /* Build configuration list for PBXAggregateTarget "install" */ = {
			isa = XCConfigurationList;
			buildConfigurations = (
				D1B5E2291A1A4F3EA0530BED /* Debug */,
				F15120EB6C034488BC94A6F9 /* Release */,
				A83E92D6BACA4C8DA2BA8E2B /* MinSizeRel */,
				6D8B15BF7DBA4A4991D1218E /* RelWithDebInfo */,
			);
			defaultConfigurationIsVisible = 0;
			defaultConfigurationName = Debug;
		};
		0C03D1EED101439AA7B7BA97 /* Build configuration list for PBXAggregateTarget "ZERO_CHECK" */ = {
			isa = XCConfigurationList;
			buildConfigurations = (
				67520BED193C4023922EFB4A /* Debug */,
				814FA799CC794E2285F9588C /* Release */,
				788EB4766DFC41B1A8EFA0DA /* MinSizeRel */,
				C662951F9A6E4AC9B1CEB95B /* RelWithDebInfo */,
			);
			defaultConfigurationIsVisible = 0;
			defaultConfigurationName = Debug;
		};
		585384C722B8409BB23334DB /* Build configuration list for PBXNativeTarget "Framework_Http" */ = {
			isa = XCConfigurationList;
			buildConfigurations = (
				0F8BBECE0F774B5FAAE579AF /* Debug */,
				DCB5322E1B634C2BAEBFA6EA /* Release */,
				AEE3319F65F24E60BE2FFBDE /* MinSizeRel */,
				DD0439E65E6C450EAC79A4E4 /* RelWithDebInfo */,
			);
			defaultConfigurationIsVisible = 0;
			defaultConfigurationName = Debug;
		};
		C5A6313DFD6D4F0289A85FC4 /* Build configuration list for PBXAggregateTarget "ALL_BUILD" */ = {
			isa = XCConfigurationList;
			buildConfigurations = (
				E4C62B8E76D24C928CE7A8C0 /* Debug */,
				EB087BE110B747F385F69BDA /* Release */,
				34373C8B57994F52B60683C0 /* MinSizeRel */,
				5FD88E8A3F374B6497E90D57 /* RelWithDebInfo */,
			);
			defaultConfigurationIsVisible = 0;
			defaultConfigurationName = Debug;
		};
		DD97BA1A00824B4089107847 /* Build configuration list for PBXAggregateTarget "RUN_TESTS" */ = {
			isa = XCConfigurationList;
			buildConfigurations = (
				839988C59F444C1FAB573E59 /* Debug */,
				A10B806DD305498696B622EB /* Release */,
				BC516A5DE81440A191C1EAB0 /* MinSizeRel */,
				92A1E836D8B34919B20FBB87 /* RelWithDebInfo */,
			);
			defaultConfigurationIsVisible = 0;
			defaultConfigurationName = Debug;
		};
		F16BB7A49BC343D588B6C456 /* Build configuration list for PBXProject "Framework_Http" */ = {
			isa = XCConfigurationList;
			buildConfigurations = (
				7EA9A18813F047A2A036C5D6 /* Debug */,
				713F25BD1FA8499289F5F16B /* Release */,
				DD0B79BCB45B464FB85F88CE /* MinSizeRel */,
				BC1AD1D2E4D445B29ADB6F31 /* RelWithDebInfo */,
			);
			defaultConfigurationIsVisible = 0;
			defaultConfigurationName = Debug;
		};
/* End XCConfigurationList section */
	};
	rootObject = 632AADF4BBE74F0FBF95927D /* Project object */;
}
