{
  "pins" : [
    {
      "identity" : "altkit",
      "kind" : "remoteSourceControl",
      "location" : "https://github.com/rileytestut/AltKit.git",
      "state" : {
        "branch" : "main",
        "revision" : "2fd376df1c79ec06a5c80cc8933da027f65b3148"
      }
    },
    {
      "identity" : "appcenter-sdk-apple",
      "kind" : "remoteSourceControl",
      "location" : "https://github.com/microsoft/appcenter-sdk-apple.git",
      "state" : {
        "revision" : "8354a50fe01a7e54e196d3b5493b5ab53dd5866a",
        "version" : "4.4.2"
      }
    },
    {
      "identity" : "cocoalumberjack",
      "kind" : "remoteSourceControl",
      "location" : "https://github.com/CocoaLumberjack/CocoaLumberjack.git",
      "state" : {
        "revision" : "80ada1f753b0d53d9b57c465936a7c4169375002",
        "version" : "3.7.4"
      }
    },
    {
      "identity" : "nslogger",
      "kind" : "remoteSourceControl",
      "location" : "https://github.com/fpillet/NSLogger",
      "state" : {
        "branch" : "master",
        "revision" : "3408cce1ff97bef20f3dcf367a02019b5c51d198"
      }
    },
    {
      "identity" : "plcrashreporter",
      "kind" : "remoteSourceControl",
      "location" : "https://github.com/microsoft/PLCrashReporter.git",
      "state" : {
        "revision" : "81cdec2b3827feb03286cb297f4c501a8eb98df1",
        "version" : "1.10.2"
      }
    },
    {
      "identity" : "reachability.swift",
      "kind" : "remoteSourceControl",
      "location" : "https://github.com/ashleymills/Reachability.swift.git",
      "state" : {
        "revision" : "c01bbdf2d633cf049ae1ed1a68a2020a8bda32e2",
        "version" : "5.1.0"
      }
    },
    {
      "identity" : "realm-core",
      "kind" : "remoteSourceControl",
      "location" : "https://github.com/realm/realm-core",
      "state" : {
        "revision" : "55a48c287b5e3a8ca129c257ec7e3b92bcb2a05f",
        "version" : "12.3.0"
      }
    },
    {
      "identity" : "realm-swift",
      "kind" : "remoteSourceControl",
      "location" : "https://github.com/realm/realm-swift.git",
      "state" : {
        "revision" : "fd279e0a94b46c5bd65b17e36817a4365c7a5482",
        "version" : "10.28.2"
      }
    },
    {
      "identity" : "rxdatasources",
      "kind" : "remoteSourceControl",
      "location" : "https://github.com/RxSwiftCommunity/RxDataSources.git",
      "state" : {
        "revision" : "90c29b48b628479097fe775ed1966d75ac374518",
        "version" : "5.0.2"
      }
    },
    {
      "identity" : "rxrealm",
      "kind" : "remoteSourceControl",
      "location" : "https://github.com/RxSwiftCommunity/RxRealm.git",
      "state" : {
        "revision" : "a7de576348d48286d8b100a501f757a1c531f1dd",
        "version" : "5.0.5"
      }
    },
    {
      "identity" : "rxswift",
      "kind" : "remoteSourceControl",
      "location" : "https://github.com/ReactiveX/RxSwift.git",
      "state" : {
        "revision" : "b4307ba0b6425c0ba4178e138799946c3da594f8",
        "version" : "6.5.0"
      }
    },
    {
      "identity" : "sqlite.swift",
      "kind" : "remoteSourceControl",
      "location" : "https://github.com/stephencelis/SQLite.swift.git",
      "state" : {
        "revision" : "4d543d811ee644fa4cc4bfa0be996b4dd6ba0f54",
        "version" : "0.13.3"
      }
    },
    {
      "identity" : "steamcontroller",
      "kind" : "remoteSourceControl",
      "location" : "https://github.com/Provenance-Emu/SteamController.git",
      "state" : {
        "branch" : "master",
        "revision" : "55d2fe0484f4cc5ed3535033af6b0218621e37b2"
      }
    },
    {
      "identity" : "swift-log",
      "kind" : "remoteSourceControl",
      "location" : "https://github.com/apple/swift-log.git",
      "state" : {
        "revision" : "5d66f7ba25daf4f94100e7022febf3c75e37a6c7",
        "version" : "1.4.2"
      }
    },
    {
      "identity" : "swiftui-introspect",
      "kind" : "remoteSourceControl",
      "location" : "https://github.com/siteline/SwiftUI-Introspect",
      "state" : {
        "branch" : "master",
        "revision" : "7ef0df639079491ee1aaf6b83b6fd4d08df80393"
      }
    },
    {
      "identity" : "ziparchive",
      "kind" : "remoteSourceControl",
      "location" : "https://github.com/ZipArchive/ZipArchive",
      "state" : {
        "revision" : "b145c6f3619619fb48715c479643e2f2e0e42d2d",
        "version" : "2.5.2"
      }
    }
  ],
  "version" : 2
}
