{
  "originHash" : "f9eb1cb06f334257780e0e09827289c6aaf9f1d47f9efd7cac2a9e1f9d22bf98",
  "pins" : [
    {
      "identity" : "sidekit",
      "kind" : "remoteSourceControl",
      "location" : "https://github.com/SideStore/SideKit.git",
      "state" : {
        "branch" : "main",
        "revision" : "ab959a54fc2217464ffabd09322ec3351e3ca456"
      }
    },
    {
      "identity" : "swiftgenplugin",
      "kind" : "remoteSourceControl",
      "location" : "https://github.com/SwiftGen/SwiftGenPlugin",
      "state" : {
        "revision" : "879b85a470cacd70c19e22eb7e11a3aed66f4068",
        "version" : "6.6.2"
      }
    }
  ],
  "version" : 3
}
